// !$*UTF8*$!
{
	archiveVersion = 1;
	classes = {
	};
	objectVersion = 60;
	objects = {

/* Begin PBXBuildFile section */
		6330DD962B1B0EA4007A625A /* RenameView.swift in Sources */ = {isa = PBXBuildFile; fileRef = 6330DD952B1B0EA4007A625A /* RenameView.swift */; };
		6365C4C12B1AA69D00AAE1FD /* Animation+Extensions.swift in Sources */ = {isa = PBXBuildFile; fileRef = 6365C4C02B1AA69D00AAE1FD /* Animation+Extensions.swift */; };
		6365C4C32B1AA8CD00AAE1FD /* BottleListEntry.swift in Sources */ = {isa = PBXBuildFile; fileRef = 6365C4C22B1AA8CD00AAE1FD /* BottleListEntry.swift */; };
		63FFDE862ADF0C7700178665 /* BottomBar.swift in Sources */ = {isa = PBXBuildFile; fileRef = 63FFDE852ADF0C7700178665 /* BottomBar.swift */; };
		6763D8F62BC6314100651D27 /* Constants.swift in Sources */ = {isa = PBXBuildFile; fileRef = 6763D8F52BC6314100651D27 /* Constants.swift */; };
		67D278512BC5907E006F9A1E /* ActionView.swift in Sources */ = {isa = PBXBuildFile; fileRef = 67D278502BC5907E006F9A1E /* ActionView.swift */; };
		6E064B1229DD32A200D9A2D2 /* Sparkle in Frameworks */ = {isa = PBXBuildFile; productRef = 6E064B1129DD32A200D9A2D2 /* Sparkle */; };
		6E064B1429DD331F00D9A2D2 /* SparkleView.swift in Sources */ = {isa = PBXBuildFile; fileRef = 6E064B1329DD331F00D9A2D2 /* SparkleView.swift */; };
		6E17B6462AF3FDC100831173 /* PinView.swift in Sources */ = {isa = PBXBuildFile; fileRef = 6E17B6452AF3FDC100831173 /* PinView.swift */; };
		6E17B6492AF4118F00831173 /* EnvironmentArgView.swift in Sources */ = {isa = PBXBuildFile; fileRef = 6E17B6482AF4118F00831173 /* EnvironmentArgView.swift */; };
		6E182FCA2B0BF64E00AADE81 /* WinetricksView.swift in Sources */ = {isa = PBXBuildFile; fileRef = 6E182FC92B0BF64E00AADE81 /* WinetricksView.swift */; };
		6E2B25C12B0E20F50084A67A /* PinAddView.swift in Sources */ = {isa = PBXBuildFile; fileRef = 6E2B25C02B0E20F50084A67A /* PinAddView.swift */; };
		6E2FB15E2B589A7800E344C6 /* cabextract in Embed WhiskyCmd */ = {isa = PBXBuildFile; fileRef = 6E2FB15D2B589A7800E344C6 /* cabextract */; settings = {ATTRIBUTES = (CodeSignOnCopy, ); }; };
		6E355E5829D78249002D83BE /* ConfigView.swift in Sources */ = {isa = PBXBuildFile; fileRef = 6E355E5729D78249002D83BE /* ConfigView.swift */; };
		6E355E5A29D782B2002D83BE /* ProgramsView.swift in Sources */ = {isa = PBXBuildFile; fileRef = 6E355E5929D782B2002D83BE /* ProgramsView.swift */; };
		6E355E5E29D7D85D002D83BE /* ProgramView.swift in Sources */ = {isa = PBXBuildFile; fileRef = 6E355E5D29D7D85D002D83BE /* ProgramView.swift */; };
		6E40495629CCA19C006E3F1B /* WhiskyApp.swift in Sources */ = {isa = PBXBuildFile; fileRef = 6E40495529CCA19C006E3F1B /* WhiskyApp.swift */; };
		6E40495829CCA19C006E3F1B /* ContentView.swift in Sources */ = {isa = PBXBuildFile; fileRef = 6E40495729CCA19C006E3F1B /* ContentView.swift */; };
		6E40495A29CCA19C006E3F1B /* Assets.xcassets in Resources */ = {isa = PBXBuildFile; fileRef = 6E40495929CCA19C006E3F1B /* Assets.xcassets */; };
		6E40495D29CCA19C006E3F1B /* Preview Assets.xcassets in Resources */ = {isa = PBXBuildFile; fileRef = 6E40495C29CCA19C006E3F1B /* Preview Assets.xcassets */; };
		6E40498129CCA8B0006E3F1B /* BottleView.swift in Sources */ = {isa = PBXBuildFile; fileRef = 6E40498029CCA8B0006E3F1B /* BottleView.swift */; };
		6E40498329CCA91B006E3F1B /* Bottle+Extensions.swift in Sources */ = {isa = PBXBuildFile; fileRef = 6E40498229CCA91B006E3F1B /* Bottle+Extensions.swift */; };
		6E49E0212AECB7DB00009CAC /* SettingsView.swift in Sources */ = {isa = PBXBuildFile; fileRef = 6E49E0202AECB7DB00009CAC /* SettingsView.swift */; };
		6E50D98329CD6066008C39F6 /* BottleVM.swift in Sources */ = {isa = PBXBuildFile; fileRef = 6E50D98229CD6066008C39F6 /* BottleVM.swift */; };
		6E50D98529CDF25B008C39F6 /* BottleCreationView.swift in Sources */ = {isa = PBXBuildFile; fileRef = 6E50D98429CDF25B008C39F6 /* BottleCreationView.swift */; };
		6E59676B2A9A424900D64F70 /* ArgumentParser in Frameworks */ = {isa = PBXBuildFile; productRef = 6E59676A2A9A424900D64F70 /* ArgumentParser */; };
		6E5B61B62AC34E6D007B1913 /* SemanticVersion in Frameworks */ = {isa = PBXBuildFile; productRef = 6E5B61B52AC34E6D007B1913 /* SemanticVersion */; };
		6E621CEF2A5F631300C9AAB3 /* Winetricks.swift in Sources */ = {isa = PBXBuildFile; fileRef = 6E621CEE2A5F631200C9AAB3 /* Winetricks.swift */; };
		6E6C0CF22A419A6800356232 /* WelcomeView.swift in Sources */ = {isa = PBXBuildFile; fileRef = 6E6C0CF12A419A6800356232 /* WelcomeView.swift */; };
		6E6C0CF42A419A7600356232 /* RosettaView.swift in Sources */ = {isa = PBXBuildFile; fileRef = 6E6C0CF32A419A7600356232 /* RosettaView.swift */; };
		6E6C0CF62A419A8300356232 /* WhiskyWineDownloadView.swift in Sources */ = {isa = PBXBuildFile; fileRef = 6E6C0CF52A419A8300356232 /* WhiskyWineDownloadView.swift */; };
		6E6C0CF82A419A8C00356232 /* WhiskyWineInstallView.swift in Sources */ = {isa = PBXBuildFile; fileRef = 6E6C0CF72A419A8C00356232 /* WhiskyWineInstallView.swift */; };
		6E70A49B2A9A2197007799E9 /* Main.swift in Sources */ = {isa = PBXBuildFile; fileRef = 6E70A49A2A9A2197007799E9 /* Main.swift */; };
		6E70A4A12A9A280C007799E9 /* WhiskyCmd.swift in Sources */ = {isa = PBXBuildFile; fileRef = 6E70A4A02A9A280C007799E9 /* WhiskyCmd.swift */; };
		6E7C07BE2AAE7B0100F6E66B /* ProgramShortcut.swift in Sources */ = {isa = PBXBuildFile; fileRef = 6E7C07BD2AAE7B0100F6E66B /* ProgramShortcut.swift */; };
		6E7C07C02AAF570100F6E66B /* FileOpenView.swift in Sources */ = {isa = PBXBuildFile; fileRef = 6E7C07BF2AAF570100F6E66B /* FileOpenView.swift */; };
		6E95F66D2AB3EF3A00D585D1 /* WhiskyCmd in Embed WhiskyCmd */ = {isa = PBXBuildFile; fileRef = 6E70A4982A9A2197007799E9 /* WhiskyCmd */; settings = {ATTRIBUTES = (CodeSignOnCopy, ); }; };
		6E95F6702AB3F33C00D585D1 /* SwiftyTextTable in Frameworks */ = {isa = PBXBuildFile; productRef = 6E95F66F2AB3F33C00D585D1 /* SwiftyTextTable */; };
		6E95F6732AB3F67200D585D1 /* Progress in Frameworks */ = {isa = PBXBuildFile; productRef = 6E95F6722AB3F67200D585D1 /* Progress */; };
		6EB58AC92AEACE5E00B1ED3F /* Localizable.xcstrings in Resources */ = {isa = PBXBuildFile; fileRef = 6EB58AC82AEACE5E00B1ED3F /* Localizable.xcstrings */; };
		6EF557982A410599001A4F09 /* SetupView.swift in Sources */ = {isa = PBXBuildFile; fileRef = 6EF557972A410599001A4F09 /* SetupView.swift */; };
		6EFDF64C2AAE2DA800EF622F /* QuickLookThumbnailing.framework in Frameworks */ = {isa = PBXBuildFile; fileRef = 6EFDF64B2AAE2DA800EF622F /* QuickLookThumbnailing.framework */; };
		6EFDF64E2AAE2DA800EF622F /* Quartz.framework in Frameworks */ = {isa = PBXBuildFile; fileRef = 6EFDF64D2AAE2DA800EF622F /* Quartz.framework */; };
		6EFDF6512AAE2DA800EF622F /* ThumbnailProvider.swift in Sources */ = {isa = PBXBuildFile; fileRef = 6EFDF6502AAE2DA800EF622F /* ThumbnailProvider.swift */; };
		6EFDF6562AAE2DA800EF622F /* WhiskyThumbnail.appex in Embed Foundation Extensions */ = {isa = PBXBuildFile; fileRef = 6EFDF64A2AAE2DA800EF622F /* WhiskyThumbnail.appex */; settings = {ATTRIBUTES = (RemoveHeadersOnCopy, ); }; };
		6EFDF6662AAE303300EF622F /* Icons.xcassets in Resources */ = {isa = PBXBuildFile; fileRef = 6EFDF6652AAE303300EF622F /* Icons.xcassets */; };
		8C2AEFC82AED79B700CB568F /* WhiskyKit in Frameworks */ = {isa = PBXBuildFile; productRef = 8C2AEFC72AED79B700CB568F /* WhiskyKit */; };
		8C2AEFCA2AED79CD00CB568F /* WhiskyKit in Frameworks */ = {isa = PBXBuildFile; productRef = 8C2AEFC92AED79CD00CB568F /* WhiskyKit */; };
		8C73E1342AF472FC00B6FB45 /* ProgramMenuView.swift in Sources */ = {isa = PBXBuildFile; fileRef = 8C73E1332AF472FC00B6FB45 /* ProgramMenuView.swift */; };
		8CB681E52AED7C6F0018D319 /* WhiskyKit in Resources */ = {isa = PBXBuildFile; fileRef = 8CB681E42AED7C6F0018D319 /* WhiskyKit */; };
		8CB681E72AED7CD00018D319 /* WhiskyKit in Frameworks */ = {isa = PBXBuildFile; productRef = 8CB681E62AED7CD00018D319 /* WhiskyKit */; };
		AB0BCABD2B61036E00E21C31 /* RunningProcessesView.swift in Sources */ = {isa = PBXBuildFile; fileRef = AB0BCABC2B61036E00E21C31 /* RunningProcessesView.swift */; };
		DB696FC82AFAE5DA0037EB2F /* PinCreationView.swift in Sources */ = {isa = PBXBuildFile; fileRef = DB696FC72AFAE5DA0037EB2F /* PinCreationView.swift */; };
		EB58FB552A499896002DC184 /* SemanticVersion in Frameworks */ = {isa = PBXBuildFile; productRef = EB58FB542A499896002DC184 /* SemanticVersion */; };
		EEA5A2462A31DD65008274AE /* AppDelegate.swift in Sources */ = {isa = PBXBuildFile; fileRef = EEA5A2452A31DD65008274AE /* AppDelegate.swift */; };
/* End PBXBuildFile section */

/* Begin PBXContainerItemProxy section */
		6EFDF6542AAE2DA800EF622F /* PBXContainerItemProxy */ = {
			isa = PBXContainerItemProxy;
			containerPortal = 6E40494A29CCA19C006E3F1B /* Project object */;
			proxyType = 1;
			remoteGlobalIDString = 6EFDF6492AAE2DA800EF622F;
			remoteInfo = WhiskyThumbnail;
		};
/* End PBXContainerItemProxy section */

/* Begin PBXCopyFilesBuildPhase section */
		6E70A4962A9A2197007799E9 /* CopyFiles */ = {
			isa = PBXCopyFilesBuildPhase;
			buildActionMask = 2147483647;
			dstPath = /usr/share/man/man1/;
			dstSubfolderSpec = 0;
			files = (
			);
			runOnlyForDeploymentPostprocessing = 1;
		};
		6E95F66C2AB3EF2F00D585D1 /* Embed WhiskyCmd */ = {
			isa = PBXCopyFilesBuildPhase;
			buildActionMask = 2147483647;
			dstPath = "";
			dstSubfolderSpec = 7;
			files = (
				6E2FB15E2B589A7800E344C6 /* cabextract in Embed WhiskyCmd */,
				6E95F66D2AB3EF3A00D585D1 /* WhiskyCmd in Embed WhiskyCmd */,
			);
			name = "Embed WhiskyCmd";
			runOnlyForDeploymentPostprocessing = 0;
		};
		6EFDF65A2AAE2DA800EF622F /* Embed Foundation Extensions */ = {
			isa = PBXCopyFilesBuildPhase;
			buildActionMask = 2147483647;
			dstPath = "";
			dstSubfolderSpec = 13;
			files = (
				6EFDF6562AAE2DA800EF622F /* WhiskyThumbnail.appex in Embed Foundation Extensions */,
			);
			name = "Embed Foundation Extensions";
			runOnlyForDeploymentPostprocessing = 0;
		};
/* End PBXCopyFilesBuildPhase section */

/* Begin PBXFileReference section */
		6330DD952B1B0EA4007A625A /* RenameView.swift */ = {isa = PBXFileReference; lastKnownFileType = sourcecode.swift; path = RenameView.swift; sourceTree = "<group>"; };
		6365C4C02B1AA69D00AAE1FD /* Animation+Extensions.swift */ = {isa = PBXFileReference; lastKnownFileType = sourcecode.swift; path = "Animation+Extensions.swift"; sourceTree = "<group>"; };
		6365C4C22B1AA8CD00AAE1FD /* BottleListEntry.swift */ = {isa = PBXFileReference; lastKnownFileType = sourcecode.swift; path = BottleListEntry.swift; sourceTree = "<group>"; };
		63FFDE852ADF0C7700178665 /* BottomBar.swift */ = {isa = PBXFileReference; fileEncoding = 4; lastKnownFileType = sourcecode.swift; path = BottomBar.swift; sourceTree = "<group>"; };
		6763D8F52BC6314100651D27 /* Constants.swift */ = {isa = PBXFileReference; lastKnownFileType = sourcecode.swift; path = Constants.swift; sourceTree = "<group>"; };
		67D278502BC5907E006F9A1E /* ActionView.swift */ = {isa = PBXFileReference; lastKnownFileType = sourcecode.swift; path = ActionView.swift; sourceTree = "<group>"; };
		6E064B1329DD331F00D9A2D2 /* SparkleView.swift */ = {isa = PBXFileReference; lastKnownFileType = sourcecode.swift; path = SparkleView.swift; sourceTree = "<group>"; };
		6E17B6452AF3FDC100831173 /* PinView.swift */ = {isa = PBXFileReference; lastKnownFileType = sourcecode.swift; path = PinView.swift; sourceTree = "<group>"; };
		6E17B6482AF4118F00831173 /* EnvironmentArgView.swift */ = {isa = PBXFileReference; lastKnownFileType = sourcecode.swift; path = EnvironmentArgView.swift; sourceTree = "<group>"; };
		6E182FC92B0BF64E00AADE81 /* WinetricksView.swift */ = {isa = PBXFileReference; lastKnownFileType = sourcecode.swift; path = WinetricksView.swift; sourceTree = "<group>"; };
		6E2B25C02B0E20F50084A67A /* PinAddView.swift */ = {isa = PBXFileReference; lastKnownFileType = sourcecode.swift; path = PinAddView.swift; sourceTree = "<group>"; };
		6E2FB15D2B589A7800E344C6 /* cabextract */ = {isa = PBXFileReference; lastKnownFileType = "compiled.mach-o.executable"; path = cabextract; sourceTree = "<group>"; };
		6E355E5729D78249002D83BE /* ConfigView.swift */ = {isa = PBXFileReference; lastKnownFileType = sourcecode.swift; path = ConfigView.swift; sourceTree = "<group>"; };
		6E355E5929D782B2002D83BE /* ProgramsView.swift */ = {isa = PBXFileReference; lastKnownFileType = sourcecode.swift; path = ProgramsView.swift; sourceTree = "<group>"; };
		6E355E5D29D7D85D002D83BE /* ProgramView.swift */ = {isa = PBXFileReference; lastKnownFileType = sourcecode.swift; path = ProgramView.swift; sourceTree = "<group>"; };
		6E40495229CCA19C006E3F1B /* Whisky.app */ = {isa = PBXFileReference; explicitFileType = wrapper.application; includeInIndex = 0; path = Whisky.app; sourceTree = BUILT_PRODUCTS_DIR; };
		6E40495529CCA19C006E3F1B /* WhiskyApp.swift */ = {isa = PBXFileReference; lastKnownFileType = sourcecode.swift; path = WhiskyApp.swift; sourceTree = "<group>"; };
		6E40495729CCA19C006E3F1B /* ContentView.swift */ = {isa = PBXFileReference; lastKnownFileType = sourcecode.swift; path = ContentView.swift; sourceTree = "<group>"; };
		6E40495929CCA19C006E3F1B /* Assets.xcassets */ = {isa = PBXFileReference; lastKnownFileType = folder.assetcatalog; path = Assets.xcassets; sourceTree = "<group>"; };
		6E40495C29CCA19C006E3F1B /* Preview Assets.xcassets */ = {isa = PBXFileReference; lastKnownFileType = folder.assetcatalog; path = "Preview Assets.xcassets"; sourceTree = "<group>"; };
		6E40495E29CCA19C006E3F1B /* Whisky.entitlements */ = {isa = PBXFileReference; lastKnownFileType = text.plist.entitlements; path = Whisky.entitlements; sourceTree = "<group>"; };
		6E40498029CCA8B0006E3F1B /* BottleView.swift */ = {isa = PBXFileReference; lastKnownFileType = sourcecode.swift; path = BottleView.swift; sourceTree = "<group>"; };
		6E40498229CCA91B006E3F1B /* Bottle+Extensions.swift */ = {isa = PBXFileReference; lastKnownFileType = sourcecode.swift; path = "Bottle+Extensions.swift"; sourceTree = "<group>"; };
		6E49E0202AECB7DB00009CAC /* SettingsView.swift */ = {isa = PBXFileReference; lastKnownFileType = sourcecode.swift; path = SettingsView.swift; sourceTree = "<group>"; };
		6E50D98229CD6066008C39F6 /* BottleVM.swift */ = {isa = PBXFileReference; lastKnownFileType = sourcecode.swift; path = BottleVM.swift; sourceTree = "<group>"; };
		6E50D98429CDF25B008C39F6 /* BottleCreationView.swift */ = {isa = PBXFileReference; lastKnownFileType = sourcecode.swift; path = BottleCreationView.swift; sourceTree = "<group>"; };
		6E621CEE2A5F631200C9AAB3 /* Winetricks.swift */ = {isa = PBXFileReference; lastKnownFileType = sourcecode.swift; path = Winetricks.swift; sourceTree = "<group>"; };
		6E6C0CF12A419A6800356232 /* WelcomeView.swift */ = {isa = PBXFileReference; lastKnownFileType = sourcecode.swift; path = WelcomeView.swift; sourceTree = "<group>"; };
		6E6C0CF32A419A7600356232 /* RosettaView.swift */ = {isa = PBXFileReference; lastKnownFileType = sourcecode.swift; path = RosettaView.swift; sourceTree = "<group>"; };
		6E6C0CF52A419A8300356232 /* WhiskyWineDownloadView.swift */ = {isa = PBXFileReference; lastKnownFileType = sourcecode.swift; path = WhiskyWineDownloadView.swift; sourceTree = "<group>"; };
		6E6C0CF72A419A8C00356232 /* WhiskyWineInstallView.swift */ = {isa = PBXFileReference; lastKnownFileType = sourcecode.swift; path = WhiskyWineInstallView.swift; sourceTree = "<group>"; };
		6E70A4982A9A2197007799E9 /* WhiskyCmd */ = {isa = PBXFileReference; explicitFileType = "compiled.mach-o.executable"; includeInIndex = 0; path = WhiskyCmd; sourceTree = BUILT_PRODUCTS_DIR; };
		6E70A49A2A9A2197007799E9 /* Main.swift */ = {isa = PBXFileReference; lastKnownFileType = sourcecode.swift; path = Main.swift; sourceTree = "<group>"; };
		6E70A4A02A9A280C007799E9 /* WhiskyCmd.swift */ = {isa = PBXFileReference; lastKnownFileType = sourcecode.swift; path = WhiskyCmd.swift; sourceTree = "<group>"; };
		6E7C07BD2AAE7B0100F6E66B /* ProgramShortcut.swift */ = {isa = PBXFileReference; lastKnownFileType = sourcecode.swift; path = ProgramShortcut.swift; sourceTree = "<group>"; };
		6E7C07BF2AAF570100F6E66B /* FileOpenView.swift */ = {isa = PBXFileReference; lastKnownFileType = sourcecode.swift; path = FileOpenView.swift; sourceTree = "<group>"; };
		6E899D1129CFC41D00A4A083 /* Info.plist */ = {isa = PBXFileReference; lastKnownFileType = text.plist; path = Info.plist; sourceTree = "<group>"; };
		6EB58AC82AEACE5E00B1ED3F /* Localizable.xcstrings */ = {isa = PBXFileReference; lastKnownFileType = text.json.xcstrings; path = Localizable.xcstrings; sourceTree = "<group>"; };
		6EF557972A410599001A4F09 /* SetupView.swift */ = {isa = PBXFileReference; lastKnownFileType = sourcecode.swift; path = SetupView.swift; sourceTree = "<group>"; };
		6EFDF64A2AAE2DA800EF622F /* WhiskyThumbnail.appex */ = {isa = PBXFileReference; explicitFileType = "wrapper.app-extension"; includeInIndex = 0; path = WhiskyThumbnail.appex; sourceTree = BUILT_PRODUCTS_DIR; };
		6EFDF64B2AAE2DA800EF622F /* QuickLookThumbnailing.framework */ = {isa = PBXFileReference; lastKnownFileType = wrapper.framework; name = QuickLookThumbnailing.framework; path = System/Library/Frameworks/QuickLookThumbnailing.framework; sourceTree = SDKROOT; };
		6EFDF64D2AAE2DA800EF622F /* Quartz.framework */ = {isa = PBXFileReference; lastKnownFileType = wrapper.framework; name = Quartz.framework; path = System/Library/Frameworks/Quartz.framework; sourceTree = SDKROOT; };
		6EFDF6502AAE2DA800EF622F /* ThumbnailProvider.swift */ = {isa = PBXFileReference; lastKnownFileType = sourcecode.swift; path = ThumbnailProvider.swift; sourceTree = "<group>"; };
		6EFDF6522AAE2DA800EF622F /* Info.plist */ = {isa = PBXFileReference; lastKnownFileType = text.plist.xml; path = Info.plist; sourceTree = "<group>"; };
		6EFDF6532AAE2DA800EF622F /* WhiskyThumbnail.entitlements */ = {isa = PBXFileReference; lastKnownFileType = text.plist.entitlements; path = WhiskyThumbnail.entitlements; sourceTree = "<group>"; };
		6EFDF6652AAE303300EF622F /* Icons.xcassets */ = {isa = PBXFileReference; lastKnownFileType = folder.assetcatalog; path = Icons.xcassets; sourceTree = "<group>"; };
		8C73E1332AF472FC00B6FB45 /* ProgramMenuView.swift */ = {isa = PBXFileReference; lastKnownFileType = sourcecode.swift; path = ProgramMenuView.swift; sourceTree = "<group>"; };
		8CB681E42AED7C6F0018D319 /* WhiskyKit */ = {isa = PBXFileReference; lastKnownFileType = wrapper; path = WhiskyKit; sourceTree = "<group>"; };
		AB0BCABC2B61036E00E21C31 /* RunningProcessesView.swift */ = {isa = PBXFileReference; lastKnownFileType = sourcecode.swift; path = RunningProcessesView.swift; sourceTree = "<group>"; };
		DB696FC72AFAE5DA0037EB2F /* PinCreationView.swift */ = {isa = PBXFileReference; lastKnownFileType = sourcecode.swift; path = PinCreationView.swift; sourceTree = "<group>"; };
		EEA5A2452A31DD65008274AE /* AppDelegate.swift */ = {isa = PBXFileReference; fileEncoding = 4; lastKnownFileType = sourcecode.swift; path = AppDelegate.swift; sourceTree = "<group>"; };
/* End PBXFileReference section */

/* Begin PBXFrameworksBuildPhase section */
		6E40494F29CCA19C006E3F1B /* Frameworks */ = {
			isa = PBXFrameworksBuildPhase;
			buildActionMask = 2147483647;
			files = (
				8C2AEFC82AED79B700CB568F /* WhiskyKit in Frameworks */,
				6E064B1229DD32A200D9A2D2 /* Sparkle in Frameworks */,
				EB58FB552A499896002DC184 /* SemanticVersion in Frameworks */,
			);
			runOnlyForDeploymentPostprocessing = 0;
		};
		6E70A4952A9A2197007799E9 /* Frameworks */ = {
			isa = PBXFrameworksBuildPhase;
			buildActionMask = 2147483647;
			files = (
				8C2AEFCA2AED79CD00CB568F /* WhiskyKit in Frameworks */,
				6E95F6732AB3F67200D585D1 /* Progress in Frameworks */,
				6E5B61B62AC34E6D007B1913 /* SemanticVersion in Frameworks */,
				6E95F6702AB3F33C00D585D1 /* SwiftyTextTable in Frameworks */,
				6E59676B2A9A424900D64F70 /* ArgumentParser in Frameworks */,
			);
			runOnlyForDeploymentPostprocessing = 0;
		};
		6EFDF6472AAE2DA800EF622F /* Frameworks */ = {
			isa = PBXFrameworksBuildPhase;
			buildActionMask = 2147483647;
			files = (
				8CB681E72AED7CD00018D319 /* WhiskyKit in Frameworks */,
				6EFDF64C2AAE2DA800EF622F /* QuickLookThumbnailing.framework in Frameworks */,
				6EFDF64E2AAE2DA800EF622F /* Quartz.framework in Frameworks */,
			);
			runOnlyForDeploymentPostprocessing = 0;
		};
/* End PBXFrameworksBuildPhase section */

/* Begin PBXGroup section */
		6365C4BF2B1AA69500AAE1FD /* Extensions */ = {
			isa = PBXGroup;
			children = (
				6E40498229CCA91B006E3F1B /* Bottle+Extensions.swift */,
				6365C4C02B1AA69D00AAE1FD /* Animation+Extensions.swift */,
			);
			path = Extensions;
			sourceTree = "<group>";
		};
		63FFDE822ADEFADF00178665 /* Common */ = {
			isa = PBXGroup;
			children = (
				63FFDE852ADF0C7700178665 /* BottomBar.swift */,
				6330DD952B1B0EA4007A625A /* RenameView.swift */,
				67D278502BC5907E006F9A1E /* ActionView.swift */,
			);
			path = Common;
			sourceTree = "<group>";
		};
		6E17B6422AF3FD6E00831173 /* Pins */ = {
			isa = PBXGroup;
			children = (
				6E17B6452AF3FDC100831173 /* PinView.swift */,
				6E2B25C02B0E20F50084A67A /* PinAddView.swift */,
				DB696FC72AFAE5DA0037EB2F /* PinCreationView.swift */,
			);
			path = Pins;
			sourceTree = "<group>";
		};
		6E17B6472AF3FE2E00831173 /* Programs */ = {
			isa = PBXGroup;
			children = (
				6E355E5929D782B2002D83BE /* ProgramsView.swift */,
				6E355E5D29D7D85D002D83BE /* ProgramView.swift */,
				6E17B6482AF4118F00831173 /* EnvironmentArgView.swift */,
				8C73E1332AF472FC00B6FB45 /* ProgramMenuView.swift */,
			);
			path = Programs;
			sourceTree = "<group>";
		};
		6E2FB15F2B589A9000E344C6 /* Libraries */ = {
			isa = PBXGroup;
			children = (
				6E2FB15D2B589A7800E344C6 /* cabextract */,
			);
			path = Libraries;
			sourceTree = "<group>";
		};
		6E355E5629D78202002D83BE /* Bottle */ = {
			isa = PBXGroup;
			children = (
				6E40498029CCA8B0006E3F1B /* BottleView.swift */,
				6365C4C22B1AA8CD00AAE1FD /* BottleListEntry.swift */,
				6E50D98429CDF25B008C39F6 /* BottleCreationView.swift */,
				6E355E5729D78249002D83BE /* ConfigView.swift */,
				6E182FC92B0BF64E00AADE81 /* WinetricksView.swift */,
				AB0BCABC2B61036E00E21C31 /* RunningProcessesView.swift */,
				6E17B6422AF3FD6E00831173 /* Pins */,
			);
			path = Bottle;
			sourceTree = "<group>";
		};
		6E40494929CCA19C006E3F1B = {
			isa = PBXGroup;
			children = (
				6E40495429CCA19C006E3F1B /* Whisky */,
				6E70A4992A9A2197007799E9 /* WhiskyCmd */,
				6EFDF64F2AAE2DA800EF622F /* WhiskyThumbnail */,
				8CB681E42AED7C6F0018D319 /* WhiskyKit */,
				6E2FB15F2B589A9000E344C6 /* Libraries */,
				6E40495329CCA19C006E3F1B /* Products */,
				6E5967692A9A424900D64F70 /* Frameworks */,
			);
			indentWidth = 4;
			sourceTree = "<group>";
			tabWidth = 4;
		};
		6E40495329CCA19C006E3F1B /* Products */ = {
			isa = PBXGroup;
			children = (
				6E40495229CCA19C006E3F1B /* Whisky.app */,
				6E70A4982A9A2197007799E9 /* WhiskyCmd */,
				6EFDF64A2AAE2DA800EF622F /* WhiskyThumbnail.appex */,
			);
			name = Products;
			sourceTree = "<group>";
		};
		6E40495429CCA19C006E3F1B /* Whisky */ = {
			isa = PBXGroup;
			children = (
				EEA5A2452A31DD65008274AE /* AppDelegate.swift */,
				6365C4BF2B1AA69500AAE1FD /* Extensions */,
				6E5197D029D7200700CF655E /* Utils */,
				6E5197CE29D71FE800CF655E /* View Models */,
				6E5197CD29D71FCD00CF655E /* Views */,
				6E40495929CCA19C006E3F1B /* Assets.xcassets */,
				6E899D1129CFC41D00A4A083 /* Info.plist */,
				6E40495E29CCA19C006E3F1B /* Whisky.entitlements */,
				6E40495B29CCA19C006E3F1B /* Preview Content */,
				6EB58AC82AEACE5E00B1ED3F /* Localizable.xcstrings */,
			);
			path = Whisky;
			sourceTree = "<group>";
		};
		6E40495B29CCA19C006E3F1B /* Preview Content */ = {
			isa = PBXGroup;
			children = (
				6E40495C29CCA19C006E3F1B /* Preview Assets.xcassets */,
			);
			path = "Preview Content";
			sourceTree = "<group>";
		};
		6E49E01F2AECB7D000009CAC /* Settings */ = {
			isa = PBXGroup;
			children = (
				6E49E0202AECB7DB00009CAC /* SettingsView.swift */,
			);
			path = Settings;
			sourceTree = "<group>";
		};
		6E5197CD29D71FCD00CF655E /* Views */ = {
			isa = PBXGroup;
			children = (
				63FFDE822ADEFADF00178665 /* Common */,
				6E49E01F2AECB7D000009CAC /* Settings */,
				6E6C0CF02A419A5800356232 /* Setup */,
				6E17B6472AF3FE2E00831173 /* Programs */,
				6E355E5629D78202002D83BE /* Bottle */,
				6E40495529CCA19C006E3F1B /* WhiskyApp.swift */,
				6E40495729CCA19C006E3F1B /* ContentView.swift */,
				6E064B1329DD331F00D9A2D2 /* SparkleView.swift */,
				6E7C07BF2AAF570100F6E66B /* FileOpenView.swift */,
			);
			path = Views;
			sourceTree = "<group>";
		};
		6E5197CE29D71FE800CF655E /* View Models */ = {
			isa = PBXGroup;
			children = (
				6E50D98229CD6066008C39F6 /* BottleVM.swift */,
			);
			path = "View Models";
			sourceTree = "<group>";
		};
		6E5197D029D7200700CF655E /* Utils */ = {
			isa = PBXGroup;
			children = (
				6E621CEE2A5F631200C9AAB3 /* Winetricks.swift */,
				6E70A4A02A9A280C007799E9 /* WhiskyCmd.swift */,
				6E7C07BD2AAE7B0100F6E66B /* ProgramShortcut.swift */,
				6763D8F52BC6314100651D27 /* Constants.swift */,
			);
			path = Utils;
			sourceTree = "<group>";
		};
		6E5967692A9A424900D64F70 /* Frameworks */ = {
			isa = PBXGroup;
			children = (
				6EFDF64B2AAE2DA800EF622F /* QuickLookThumbnailing.framework */,
				6EFDF64D2AAE2DA800EF622F /* Quartz.framework */,
			);
			name = Frameworks;
			sourceTree = "<group>";
		};
		6E6C0CF02A419A5800356232 /* Setup */ = {
			isa = PBXGroup;
			children = (
				6EF557972A410599001A4F09 /* SetupView.swift */,
				6E6C0CF12A419A6800356232 /* WelcomeView.swift */,
				6E6C0CF32A419A7600356232 /* RosettaView.swift */,
				6E6C0CF52A419A8300356232 /* WhiskyWineDownloadView.swift */,
				6E6C0CF72A419A8C00356232 /* WhiskyWineInstallView.swift */,
			);
			path = Setup;
			sourceTree = "<group>";
		};
		6E70A4992A9A2197007799E9 /* WhiskyCmd */ = {
			isa = PBXGroup;
			children = (
				6E70A49A2A9A2197007799E9 /* Main.swift */,
			);
			path = WhiskyCmd;
			sourceTree = "<group>";
		};
		6EFDF64F2AAE2DA800EF622F /* WhiskyThumbnail */ = {
			isa = PBXGroup;
			children = (
				6EFDF6502AAE2DA800EF622F /* ThumbnailProvider.swift */,
				6EFDF6522AAE2DA800EF622F /* Info.plist */,
				6EFDF6532AAE2DA800EF622F /* WhiskyThumbnail.entitlements */,
				6EFDF6652AAE303300EF622F /* Icons.xcassets */,
			);
			path = WhiskyThumbnail;
			sourceTree = "<group>";
		};
/* End PBXGroup section */

/* Begin PBXNativeTarget section */
		6E40495129CCA19C006E3F1B /* Whisky */ = {
			isa = PBXNativeTarget;
			buildConfigurationList = 6E40497729CCA19D006E3F1B /* Build configuration list for PBXNativeTarget "Whisky" */;
			buildPhases = (
				6E40494E29CCA19C006E3F1B /* Sources */,
				6E40494F29CCA19C006E3F1B /* Frameworks */,
				6E40495029CCA19C006E3F1B /* Resources */,
				6E50D98129CD0EAF008C39F6 /* SwiftLint */,
				6E95F66C2AB3EF2F00D585D1 /* Embed WhiskyCmd */,
				6EFDF65A2AAE2DA800EF622F /* Embed Foundation Extensions */,
			);
			buildRules = (
			);
			dependencies = (
				6EFDF6552AAE2DA800EF622F /* PBXTargetDependency */,
			);
			name = Whisky;
			packageProductDependencies = (
				6E064B1129DD32A200D9A2D2 /* Sparkle */,
				EB58FB542A499896002DC184 /* SemanticVersion */,
				8C2AEFC72AED79B700CB568F /* WhiskyKit */,
			);
			productName = Whisky;
			productReference = 6E40495229CCA19C006E3F1B /* Whisky.app */;
			productType = "com.apple.product-type.application";
		};
		6E70A4972A9A2197007799E9 /* WhiskyCmd */ = {
			isa = PBXNativeTarget;
			buildConfigurationList = 6E70A49E2A9A2197007799E9 /* Build configuration list for PBXNativeTarget "WhiskyCmd" */;
			buildPhases = (
				6E70A4942A9A2197007799E9 /* Sources */,
				6E70A4952A9A2197007799E9 /* Frameworks */,
				6E70A4962A9A2197007799E9 /* CopyFiles */,
			);
			buildRules = (
			);
			dependencies = (
			);
			name = WhiskyCmd;
			packageProductDependencies = (
				6E59676A2A9A424900D64F70 /* ArgumentParser */,
				6E95F66F2AB3F33C00D585D1 /* SwiftyTextTable */,
				6E95F6722AB3F67200D585D1 /* Progress */,
				6E5B61B52AC34E6D007B1913 /* SemanticVersion */,
				8C2AEFC92AED79CD00CB568F /* WhiskyKit */,
			);
			productName = WhiskyCmd;
			productReference = 6E70A4982A9A2197007799E9 /* WhiskyCmd */;
			productType = "com.apple.product-type.tool";
		};
		6EFDF6492AAE2DA800EF622F /* WhiskyThumbnail */ = {
			isa = PBXNativeTarget;
			buildConfigurationList = 6EFDF6572AAE2DA800EF622F /* Build configuration list for PBXNativeTarget "WhiskyThumbnail" */;
			buildPhases = (
				6EFDF6462AAE2DA800EF622F /* Sources */,
				6EFDF6472AAE2DA800EF622F /* Frameworks */,
				6EFDF6482AAE2DA800EF622F /* Resources */,
			);
			buildRules = (
			);
			dependencies = (
			);
			name = WhiskyThumbnail;
			packageProductDependencies = (
				8CB681E62AED7CD00018D319 /* WhiskyKit */,
			);
			productName = WhiskyThumbnail;
			productReference = 6EFDF64A2AAE2DA800EF622F /* WhiskyThumbnail.appex */;
			productType = "com.apple.product-type.app-extension";
		};
/* End PBXNativeTarget section */

/* Begin PBXProject section */
		6E40494A29CCA19C006E3F1B /* Project object */ = {
			isa = PBXProject;
			attributes = {
				BuildIndependentTargetsInParallel = 1;
				LastSwiftUpdateCheck = 1500;
				LastUpgradeCheck = 1600;
				TargetAttributes = {
					6E40495129CCA19C006E3F1B = {
						CreatedOnToolsVersion = 14.2;
					};
					6E70A4972A9A2197007799E9 = {
						CreatedOnToolsVersion = 15.0;
					};
					6EFDF6492AAE2DA800EF622F = {
						CreatedOnToolsVersion = 15.0;
					};
				};
			};
			buildConfigurationList = 6E40494D29CCA19C006E3F1B /* Build configuration list for PBXProject "Whisky" */;
			compatibilityVersion = "Xcode 14.0";
			developmentRegion = en;
			hasScannedForEncodings = 0;
			knownRegions = (
				en,
				Base,
				fr,
				es,
				pl,
				ru,
				uk,
				"zh-Hans",
				"zh-Hant",
				de,
				ko,
				fi,
				ja,
				"pt-PT",
				tr,
				it,
				nl,
				vi,
				da,
				"pt-BR",
				ro,
				cs,
				ar,
			);
			mainGroup = 6E40494929CCA19C006E3F1B;
			packageReferences = (
				6E064B1029DD32A200D9A2D2 /* XCRemoteSwiftPackageReference "Sparkle" */,
				EB58FB532A499896002DC184 /* XCRemoteSwiftPackageReference "SemanticVersion" */,
				6E5967682A9A421800D64F70 /* XCRemoteSwiftPackageReference "swift-argument-parser" */,
				6E95F66E2AB3F33C00D585D1 /* XCRemoteSwiftPackageReference "SwiftyTextTable" */,
				6E95F6712AB3F67200D585D1 /* XCRemoteSwiftPackageReference "Progress" */,
				8C2AEFC62AED79B700CB568F /* XCLocalSwiftPackageReference "WhiskyKit" */,
			);
			productRefGroup = 6E40495329CCA19C006E3F1B /* Products */;
			projectDirPath = "";
			projectRoot = "";
			targets = (
				6E40495129CCA19C006E3F1B /* Whisky */,
				6E70A4972A9A2197007799E9 /* WhiskyCmd */,
				6EFDF6492AAE2DA800EF622F /* WhiskyThumbnail */,
			);
		};
/* End PBXProject section */

/* Begin PBXResourcesBuildPhase section */
		6E40495029CCA19C006E3F1B /* Resources */ = {
			isa = PBXResourcesBuildPhase;
			buildActionMask = 2147483647;
			files = (
				8CB681E52AED7C6F0018D319 /* WhiskyKit in Resources */,
				6E40495D29CCA19C006E3F1B /* Preview Assets.xcassets in Resources */,
				6EB58AC92AEACE5E00B1ED3F /* Localizable.xcstrings in Resources */,
				6E40495A29CCA19C006E3F1B /* Assets.xcassets in Resources */,
			);
			runOnlyForDeploymentPostprocessing = 0;
		};
		6EFDF6482AAE2DA800EF622F /* Resources */ = {
			isa = PBXResourcesBuildPhase;
			buildActionMask = 2147483647;
			files = (
				6EFDF6662AAE303300EF622F /* Icons.xcassets in Resources */,
			);
			runOnlyForDeploymentPostprocessing = 0;
		};
/* End PBXResourcesBuildPhase section */

/* Begin PBXShellScriptBuildPhase section */
		6E50D98129CD0EAF008C39F6 /* SwiftLint */ = {
			isa = PBXShellScriptBuildPhase;
			alwaysOutOfDate = 1;
			buildActionMask = 2147483647;
			files = (
			);
			inputFileListPaths = (
			);
			inputPaths = (
			);
			name = SwiftLint;
			outputFileListPaths = (
			);
			outputPaths = (
			);
			runOnlyForDeploymentPostprocessing = 0;
			shellPath = /bin/sh;
			shellScript = "export PATH=\"$PATH:/opt/homebrew/bin\"\nif which swiftlint > /dev/null; then\n    echo \"Running SwiftLint\"\n    swiftlint --strict\nelse\n    echo \"error: SwiftLint not installed, download from https://github.com/realm/SwiftLint\"\n    exit -1\nfi\n";
		};
/* End PBXShellScriptBuildPhase section */

/* Begin PBXSourcesBuildPhase section */
		6E40494E29CCA19C006E3F1B /* Sources */ = {
			isa = PBXSourcesBuildPhase;
			buildActionMask = 2147483647;
			files = (
				EEA5A2462A31DD65008274AE /* AppDelegate.swift in Sources */,
				6763D8F62BC6314100651D27 /* Constants.swift in Sources */,
				6E70A4A12A9A280C007799E9 /* WhiskyCmd.swift in Sources */,
				6E40495829CCA19C006E3F1B /* ContentView.swift in Sources */,
				67D278512BC5907E006F9A1E /* ActionView.swift in Sources */,
				6EF557982A410599001A4F09 /* SetupView.swift in Sources */,
				6E355E5A29D782B2002D83BE /* ProgramsView.swift in Sources */,
				DB696FC82AFAE5DA0037EB2F /* PinCreationView.swift in Sources */,
				6E7C07BE2AAE7B0100F6E66B /* ProgramShortcut.swift in Sources */,
				6E355E5829D78249002D83BE /* ConfigView.swift in Sources */,
				63FFDE862ADF0C7700178665 /* BottomBar.swift in Sources */,
				6E6C0CF62A419A8300356232 /* WhiskyWineDownloadView.swift in Sources */,
				6365C4C32B1AA8CD00AAE1FD /* BottleListEntry.swift in Sources */,
				6E50D98529CDF25B008C39F6 /* BottleCreationView.swift in Sources */,
				6E182FCA2B0BF64E00AADE81 /* WinetricksView.swift in Sources */,
				6330DD962B1B0EA4007A625A /* RenameView.swift in Sources */,
				AB0BCABD2B61036E00E21C31 /* RunningProcessesView.swift in Sources */,
				6E17B6492AF4118F00831173 /* EnvironmentArgView.swift in Sources */,
				6E6C0CF42A419A7600356232 /* RosettaView.swift in Sources */,
				6E6C0CF82A419A8C00356232 /* WhiskyWineInstallView.swift in Sources */,
				6365C4C12B1AA69D00AAE1FD /* Animation+Extensions.swift in Sources */,
				6E40498329CCA91B006E3F1B /* Bottle+Extensions.swift in Sources */,
				6E621CEF2A5F631300C9AAB3 /* Winetricks.swift in Sources */,
				6E17B6462AF3FDC100831173 /* PinView.swift in Sources */,
				6E064B1429DD331F00D9A2D2 /* SparkleView.swift in Sources */,
				6E40495629CCA19C006E3F1B /* WhiskyApp.swift in Sources */,
				8C73E1342AF472FC00B6FB45 /* ProgramMenuView.swift in Sources */,
				6E50D98329CD6066008C39F6 /* BottleVM.swift in Sources */,
				6E2B25C12B0E20F50084A67A /* PinAddView.swift in Sources */,
				6E49E0212AECB7DB00009CAC /* SettingsView.swift in Sources */,
				6E7C07C02AAF570100F6E66B /* FileOpenView.swift in Sources */,
				6E6C0CF22A419A6800356232 /* WelcomeView.swift in Sources */,
				6E40498129CCA8B0006E3F1B /* BottleView.swift in Sources */,
				6E355E5E29D7D85D002D83BE /* ProgramView.swift in Sources */,
			);
			runOnlyForDeploymentPostprocessing = 0;
		};
		6E70A4942A9A2197007799E9 /* Sources */ = {
			isa = PBXSourcesBuildPhase;
			buildActionMask = 2147483647;
			files = (
				6E70A49B2A9A2197007799E9 /* Main.swift in Sources */,
			);
			runOnlyForDeploymentPostprocessing = 0;
		};
		6EFDF6462AAE2DA800EF622F /* Sources */ = {
			isa = PBXSourcesBuildPhase;
			buildActionMask = 2147483647;
			files = (
				6EFDF6512AAE2DA800EF622F /* ThumbnailProvider.swift in Sources */,
			);
			runOnlyForDeploymentPostprocessing = 0;
		};
/* End PBXSourcesBuildPhase section */

/* Begin PBXTargetDependency section */
		6EFDF6552AAE2DA800EF622F /* PBXTargetDependency */ = {
			isa = PBXTargetDependency;
			target = 6EFDF6492AAE2DA800EF622F /* WhiskyThumbnail */;
			targetProxy = 6EFDF6542AAE2DA800EF622F /* PBXContainerItemProxy */;
		};
/* End PBXTargetDependency section */

/* Begin XCBuildConfiguration section */
		6E40497529CCA19D006E3F1B /* Debug */ = {
			isa = XCBuildConfiguration;
			buildSettings = {
				ALWAYS_SEARCH_USER_PATHS = NO;
				ARCHS = arm64;
				CLANG_ANALYZER_LOCALIZABILITY_NONLOCALIZED = YES;
				CLANG_ANALYZER_NONNULL = YES;
				CLANG_ANALYZER_NUMBER_OBJECT_CONVERSION = YES_AGGRESSIVE;
				CLANG_CXX_LANGUAGE_STANDARD = "gnu++20";
				CLANG_ENABLE_MODULES = YES;
				CLANG_ENABLE_OBJC_ARC = YES;
				CLANG_ENABLE_OBJC_WEAK = YES;
				CLANG_WARN_BLOCK_CAPTURE_AUTORELEASING = YES;
				CLANG_WARN_BOOL_CONVERSION = YES;
				CLANG_WARN_COMMA = YES;
				CLANG_WARN_CONSTANT_CONVERSION = YES;
				CLANG_WARN_DEPRECATED_OBJC_IMPLEMENTATIONS = YES;
				CLANG_WARN_DIRECT_OBJC_ISA_USAGE = YES_ERROR;
				CLANG_WARN_DOCUMENTATION_COMMENTS = YES;
				CLANG_WARN_EMPTY_BODY = YES;
				CLANG_WARN_ENUM_CONVERSION = YES;
				CLANG_WARN_INFINITE_RECURSION = YES;
				CLANG_WARN_INT_CONVERSION = YES;
				CLANG_WARN_NON_LITERAL_NULL_CONVERSION = YES;
				CLANG_WARN_OBJC_IMPLICIT_RETAIN_SELF = YES;
				CLANG_WARN_OBJC_LITERAL_CONVERSION = YES;
				CLANG_WARN_OBJC_ROOT_CLASS = YES_ERROR;
				CLANG_WARN_QUOTED_INCLUDE_IN_FRAMEWORK_HEADER = YES;
				CLANG_WARN_RANGE_LOOP_ANALYSIS = YES;
				CLANG_WARN_STRICT_PROTOTYPES = YES;
				CLANG_WARN_SUSPICIOUS_MOVE = YES;
				CLANG_WARN_UNGUARDED_AVAILABILITY = YES_AGGRESSIVE;
				CLANG_WARN_UNREACHABLE_CODE = YES;
				CLANG_WARN__DUPLICATE_METHOD_MATCH = YES;
				COPY_PHASE_STRIP = NO;
				DEAD_CODE_STRIPPING = YES;
				DEBUG_INFORMATION_FORMAT = dwarf;
				ENABLE_STRICT_OBJC_MSGSEND = YES;
				ENABLE_TESTABILITY = YES;
				GCC_C_LANGUAGE_STANDARD = gnu11;
				GCC_DYNAMIC_NO_PIC = NO;
				GCC_NO_COMMON_BLOCKS = YES;
				GCC_OPTIMIZATION_LEVEL = 0;
				GCC_PREPROCESSOR_DEFINITIONS = (
					"DEBUG=1",
					"$(inherited)",
				);
				GCC_WARN_64_TO_32_BIT_CONVERSION = YES;
				GCC_WARN_ABOUT_RETURN_TYPE = YES_ERROR;
				GCC_WARN_UNDECLARED_SELECTOR = YES;
				GCC_WARN_UNINITIALIZED_AUTOS = YES_AGGRESSIVE;
				GCC_WARN_UNUSED_FUNCTION = YES;
				GCC_WARN_UNUSED_VARIABLE = YES;
				LOCALIZATION_PREFERS_STRING_CATALOGS = YES;
				MACOSX_DEPLOYMENT_TARGET = 14.0;
				MTL_ENABLE_DEBUG_INFO = INCLUDE_SOURCE;
				MTL_FAST_MATH = YES;
				ONLY_ACTIVE_ARCH = YES;
				SDKROOT = macosx;
				SWIFT_ACTIVE_COMPILATION_CONDITIONS = DEBUG;
				SWIFT_OPTIMIZATION_LEVEL = "-Onone";
			};
			name = Debug;
		};
		6E40497629CCA19D006E3F1B /* Release */ = {
			isa = XCBuildConfiguration;
			buildSettings = {
				ALWAYS_SEARCH_USER_PATHS = NO;
				ARCHS = arm64;
				CLANG_ANALYZER_LOCALIZABILITY_NONLOCALIZED = YES;
				CLANG_ANALYZER_NONNULL = YES;
				CLANG_ANALYZER_NUMBER_OBJECT_CONVERSION = YES_AGGRESSIVE;
				CLANG_CXX_LANGUAGE_STANDARD = "gnu++20";
				CLANG_ENABLE_MODULES = YES;
				CLANG_ENABLE_OBJC_ARC = YES;
				CLANG_ENABLE_OBJC_WEAK = YES;
				CLANG_WARN_BLOCK_CAPTURE_AUTORELEASING = YES;
				CLANG_WARN_BOOL_CONVERSION = YES;
				CLANG_WARN_COMMA = YES;
				CLANG_WARN_CONSTANT_CONVERSION = YES;
				CLANG_WARN_DEPRECATED_OBJC_IMPLEMENTATIONS = YES;
				CLANG_WARN_DIRECT_OBJC_ISA_USAGE = YES_ERROR;
				CLANG_WARN_DOCUMENTATION_COMMENTS = YES;
				CLANG_WARN_EMPTY_BODY = YES;
				CLANG_WARN_ENUM_CONVERSION = YES;
				CLANG_WARN_INFINITE_RECURSION = YES;
				CLANG_WARN_INT_CONVERSION = YES;
				CLANG_WARN_NON_LITERAL_NULL_CONVERSION = YES;
				CLANG_WARN_OBJC_IMPLICIT_RETAIN_SELF = YES;
				CLANG_WARN_OBJC_LITERAL_CONVERSION = YES;
				CLANG_WARN_OBJC_ROOT_CLASS = YES_ERROR;
				CLANG_WARN_QUOTED_INCLUDE_IN_FRAMEWORK_HEADER = YES;
				CLANG_WARN_RANGE_LOOP_ANALYSIS = YES;
				CLANG_WARN_STRICT_PROTOTYPES = YES;
				CLANG_WARN_SUSPICIOUS_MOVE = YES;
				CLANG_WARN_UNGUARDED_AVAILABILITY = YES_AGGRESSIVE;
				CLANG_WARN_UNREACHABLE_CODE = YES;
				CLANG_WARN__DUPLICATE_METHOD_MATCH = YES;
				COPY_PHASE_STRIP = NO;
				DEAD_CODE_STRIPPING = YES;
				DEBUG_INFORMATION_FORMAT = "dwarf-with-dsym";
				ENABLE_NS_ASSERTIONS = NO;
				ENABLE_STRICT_OBJC_MSGSEND = YES;
				GCC_C_LANGUAGE_STANDARD = gnu11;
				GCC_NO_COMMON_BLOCKS = YES;
				GCC_WARN_64_TO_32_BIT_CONVERSION = YES;
				GCC_WARN_ABOUT_RETURN_TYPE = YES_ERROR;
				GCC_WARN_UNDECLARED_SELECTOR = YES;
				GCC_WARN_UNINITIALIZED_AUTOS = YES_AGGRESSIVE;
				GCC_WARN_UNUSED_FUNCTION = YES;
				GCC_WARN_UNUSED_VARIABLE = YES;
				LOCALIZATION_PREFERS_STRING_CATALOGS = YES;
				MACOSX_DEPLOYMENT_TARGET = 14.0;
				MTL_ENABLE_DEBUG_INFO = NO;
				MTL_FAST_MATH = YES;
				SDKROOT = macosx;
				SWIFT_COMPILATION_MODE = wholemodule;
				SWIFT_OPTIMIZATION_LEVEL = "-O";
			};
			name = Release;
		};
		6E40497829CCA19D006E3F1B /* Debug */ = {
			isa = XCBuildConfiguration;
			buildSettings = {
				ARCHS = arm64;
				ASSETCATALOG_COMPILER_APPICON_NAME = AppIcon;
				ASSETCATALOG_COMPILER_GLOBAL_ACCENT_COLOR_NAME = AccentColor;
				CODE_SIGN_ENTITLEMENTS = Whisky/Whisky.entitlements;
				"CODE_SIGN_IDENTITY[sdk=macosx*]" = "Developer ID Application";
				CODE_SIGN_STYLE = Manual;
				COMBINE_HIDPI_IMAGES = YES;
				CURRENT_PROJECT_VERSION = 43;
				DEAD_CODE_STRIPPING = YES;
				DEVELOPMENT_ASSET_PATHS = "\"Whisky/Preview Content\"";
				DEVELOPMENT_TEAM = "";
				"DEVELOPMENT_TEAM[sdk=macosx*]" = 92S3SG4PTH;
				ENABLE_HARDENED_RUNTIME = YES;
				ENABLE_PREVIEWS = YES;
				GENERATE_INFOPLIST_FILE = YES;
				INFOPLIST_FILE = Whisky/Info.plist;
				INFOPLIST_KEY_LSApplicationCategoryType = "public.app-category.utilities";
				INFOPLIST_KEY_NSAppleEventsUsageDescription = "Whisky needs to access Terminal to launcher processes in a Terminal window.";
				INFOPLIST_KEY_NSCameraUsageDescription = "A Windows application is trying to access the camera.";
				INFOPLIST_KEY_NSHumanReadableCopyright = "Copyright © Whisky";
				INFOPLIST_KEY_NSMicrophoneUsageDescription = "A Windows application is trying to access the microphone.";
				LD_RUNPATH_SEARCH_PATHS = (
					"$(inherited)",
					"@executable_path/../Frameworks",
				);
				MACOSX_DEPLOYMENT_TARGET = 14.0;
				MARKETING_VERSION = 2.3.5;
				PRODUCT_BUNDLE_IDENTIFIER = com.isaacmarovitz.Whisky;
				PRODUCT_NAME = "$(TARGET_NAME)";
				PROVISIONING_PROFILE_SPECIFIER = "";
				SWIFT_EMIT_LOC_STRINGS = YES;
				SWIFT_STRICT_CONCURRENCY = complete;
				SWIFT_VERSION = 6.0;
			};
			name = Debug;
		};
		6E40497929CCA19D006E3F1B /* Release */ = {
			isa = XCBuildConfiguration;
			buildSettings = {
				ARCHS = arm64;
				ASSETCATALOG_COMPILER_APPICON_NAME = AppIcon;
				ASSETCATALOG_COMPILER_GLOBAL_ACCENT_COLOR_NAME = AccentColor;
				CODE_SIGN_ENTITLEMENTS = Whisky/Whisky.entitlements;
				"CODE_SIGN_IDENTITY[sdk=macosx*]" = "Developer ID Application";
				CODE_SIGN_STYLE = Manual;
				COMBINE_HIDPI_IMAGES = YES;
				CURRENT_PROJECT_VERSION = 43;
				DEAD_CODE_STRIPPING = YES;
				DEVELOPMENT_ASSET_PATHS = "\"Whisky/Preview Content\"";
				DEVELOPMENT_TEAM = "";
				"DEVELOPMENT_TEAM[sdk=macosx*]" = 92S3SG4PTH;
				ENABLE_HARDENED_RUNTIME = YES;
				ENABLE_PREVIEWS = YES;
				GENERATE_INFOPLIST_FILE = YES;
				INFOPLIST_FILE = Whisky/Info.plist;
				INFOPLIST_KEY_LSApplicationCategoryType = "public.app-category.utilities";
				INFOPLIST_KEY_NSAppleEventsUsageDescription = "Whisky needs to access Terminal to launcher processes in a Terminal window.";
				INFOPLIST_KEY_NSCameraUsageDescription = "A Windows application is trying to access the camera.";
				INFOPLIST_KEY_NSHumanReadableCopyright = "Copyright © Whisky";
				INFOPLIST_KEY_NSMicrophoneUsageDescription = "A Windows application is trying to access the microphone.";
				LD_RUNPATH_SEARCH_PATHS = (
					"$(inherited)",
					"@executable_path/../Frameworks",
				);
				MACOSX_DEPLOYMENT_TARGET = 14.0;
				MARKETING_VERSION = 2.3.5;
				PRODUCT_BUNDLE_IDENTIFIER = com.isaacmarovitz.Whisky;
				PRODUCT_NAME = "$(TARGET_NAME)";
				PROVISIONING_PROFILE_SPECIFIER = "";
				"PROVISIONING_PROFILE_SPECIFIER[sdk=macosx*]" = Whisky;
				SWIFT_EMIT_LOC_STRINGS = YES;
				SWIFT_STRICT_CONCURRENCY = complete;
				SWIFT_VERSION = 6.0;
			};
			name = Release;
		};
		6E70A49C2A9A2197007799E9 /* Debug */ = {
			isa = XCBuildConfiguration;
			buildSettings = {
				ARCHS = arm64;
				ASSETCATALOG_COMPILER_GENERATE_SWIFT_ASSET_SYMBOL_EXTENSIONS = YES;
				"CODE_SIGN_IDENTITY[sdk=macosx*]" = "Developer ID Application";
				CODE_SIGN_STYLE = Manual;
				DEAD_CODE_STRIPPING = YES;
				DEVELOPMENT_TEAM = "";
				"DEVELOPMENT_TEAM[sdk=macosx*]" = 92S3SG4PTH;
				ENABLE_HARDENED_RUNTIME = YES;
				ENABLE_USER_SCRIPT_SANDBOXING = YES;
				GCC_C_LANGUAGE_STANDARD = gnu17;
				GENERATE_PKGINFO_FILE = NO;
				LD_RUNPATH_SEARCH_PATHS = "@loader_path/../Frameworks";
				LOCALIZATION_PREFERS_STRING_CATALOGS = YES;
				MACOSX_DEPLOYMENT_TARGET = 14.0;
				PRODUCT_BUNDLE_IDENTIFIER = com.isaacmarovitz.WhiskyCmd;
				PRODUCT_NAME = "$(TARGET_NAME)";
				PROVISIONING_PROFILE_SPECIFIER = "";
				SKIP_INSTALL = YES;
				SWIFT_ACTIVE_COMPILATION_CONDITIONS = "DEBUG $(inherited)";
				SWIFT_STRICT_CONCURRENCY = complete;
				SWIFT_VERSION = 6.0;
			};
			name = Debug;
		};
		6E70A49D2A9A2197007799E9 /* Release */ = {
			isa = XCBuildConfiguration;
			buildSettings = {
				ARCHS = arm64;
				ASSETCATALOG_COMPILER_GENERATE_SWIFT_ASSET_SYMBOL_EXTENSIONS = YES;
				"CODE_SIGN_IDENTITY[sdk=macosx*]" = "Developer ID Application";
				CODE_SIGN_STYLE = Manual;
				DEAD_CODE_STRIPPING = YES;
				DEVELOPMENT_TEAM = "";
				"DEVELOPMENT_TEAM[sdk=macosx*]" = 92S3SG4PTH;
				ENABLE_HARDENED_RUNTIME = YES;
				ENABLE_USER_SCRIPT_SANDBOXING = YES;
				GCC_C_LANGUAGE_STANDARD = gnu17;
				GENERATE_PKGINFO_FILE = NO;
				LD_RUNPATH_SEARCH_PATHS = "@loader_path/../Frameworks";
				LOCALIZATION_PREFERS_STRING_CATALOGS = YES;
				MACOSX_DEPLOYMENT_TARGET = 14.0;
				PRODUCT_BUNDLE_IDENTIFIER = com.isaacmarovitz.WhiskyCmd;
				PRODUCT_NAME = "$(TARGET_NAME)";
				PROVISIONING_PROFILE_SPECIFIER = "";
				SKIP_INSTALL = YES;
				SWIFT_STRICT_CONCURRENCY = complete;
				SWIFT_VERSION = 6.0;
			};
			name = Release;
		};
		6EFDF6582AAE2DA800EF622F /* Debug */ = {
			isa = XCBuildConfiguration;
			buildSettings = {
				ASSETCATALOG_COMPILER_GENERATE_SWIFT_ASSET_SYMBOL_EXTENSIONS = YES;
				CODE_SIGN_ENTITLEMENTS = WhiskyThumbnail/WhiskyThumbnail.entitlements;
				"CODE_SIGN_IDENTITY[sdk=macosx*]" = "Developer ID Application";
				CODE_SIGN_STYLE = Manual;
				CURRENT_PROJECT_VERSION = 43;
				DEAD_CODE_STRIPPING = YES;
				DEVELOPMENT_TEAM = "";
				"DEVELOPMENT_TEAM[sdk=macosx*]" = 92S3SG4PTH;
				ENABLE_HARDENED_RUNTIME = YES;
				ENABLE_USER_SCRIPT_SANDBOXING = YES;
				GCC_C_LANGUAGE_STANDARD = gnu17;
				GENERATE_INFOPLIST_FILE = YES;
				INFOPLIST_FILE = WhiskyThumbnail/Info.plist;
				INFOPLIST_KEY_CFBundleDisplayName = WhiskyThumbnail;
				INFOPLIST_KEY_NSHumanReadableCopyright = "";
				LD_RUNPATH_SEARCH_PATHS = (
					"$(inherited)",
					"@executable_path/../Frameworks",
					"@executable_path/../../../../Frameworks",
				);
				LOCALIZATION_PREFERS_STRING_CATALOGS = YES;
				MARKETING_VERSION = 2.3.5;
				PRODUCT_BUNDLE_IDENTIFIER = com.isaacmarovitz.Whisky.WhiskyThumbnail;
				PRODUCT_NAME = "$(TARGET_NAME)";
				PROVISIONING_PROFILE_SPECIFIER = "";
				SKIP_INSTALL = YES;
				SWIFT_ACTIVE_COMPILATION_CONDITIONS = "DEBUG $(inherited)";
				SWIFT_EMIT_LOC_STRINGS = YES;
				SWIFT_STRICT_CONCURRENCY = complete;
				SWIFT_VERSION = 6.0;
			};
			name = Debug;
		};
		6EFDF6592AAE2DA800EF622F /* Release */ = {
			isa = XCBuildConfiguration;
			buildSettings = {
				ASSETCATALOG_COMPILER_GENERATE_SWIFT_ASSET_SYMBOL_EXTENSIONS = YES;
				CODE_SIGN_ENTITLEMENTS = WhiskyThumbnail/WhiskyThumbnail.entitlements;
				"CODE_SIGN_IDENTITY[sdk=macosx*]" = "Developer ID Application";
				CODE_SIGN_STYLE = Manual;
				CURRENT_PROJECT_VERSION = 43;
				DEAD_CODE_STRIPPING = YES;
				DEVELOPMENT_TEAM = "";
				"DEVELOPMENT_TEAM[sdk=macosx*]" = 92S3SG4PTH;
				ENABLE_HARDENED_RUNTIME = YES;
				ENABLE_USER_SCRIPT_SANDBOXING = YES;
				GCC_C_LANGUAGE_STANDARD = gnu17;
				GENERATE_INFOPLIST_FILE = YES;
				INFOPLIST_FILE = WhiskyThumbnail/Info.plist;
				INFOPLIST_KEY_CFBundleDisplayName = WhiskyThumbnail;
				INFOPLIST_KEY_NSHumanReadableCopyright = "";
				LD_RUNPATH_SEARCH_PATHS = (
					"$(inherited)",
					"@executable_path/../Frameworks",
					"@executable_path/../../../../Frameworks",
				);
				LOCALIZATION_PREFERS_STRING_CATALOGS = YES;
				MARKETING_VERSION = 2.3.5;
				PRODUCT_BUNDLE_IDENTIFIER = com.isaacmarovitz.Whisky.WhiskyThumbnail;
				PRODUCT_NAME = "$(TARGET_NAME)";
				PROVISIONING_PROFILE_SPECIFIER = "";
				SKIP_INSTALL = YES;
				SWIFT_EMIT_LOC_STRINGS = YES;
				SWIFT_STRICT_CONCURRENCY = complete;
				SWIFT_VERSION = 6.0;
			};
			name = Release;
		};
/* End XCBuildConfiguration section */

/* Begin XCConfigurationList section */
		6E40494D29CCA19C006E3F1B /* Build configuration list for PBXProject "Whisky" */ = {
			isa = XCConfigurationList;
			buildConfigurations = (
				6E40497529CCA19D006E3F1B /* Debug */,
				6E40497629CCA19D006E3F1B /* Release */,
			);
			defaultConfigurationIsVisible = 0;
			defaultConfigurationName = Release;
		};
		6E40497729CCA19D006E3F1B /* Build configuration list for PBXNativeTarget "Whisky" */ = {
			isa = XCConfigurationList;
			buildConfigurations = (
				6E40497829CCA19D006E3F1B /* Debug */,
				6E40497929CCA19D006E3F1B /* Release */,
			);
			defaultConfigurationIsVisible = 0;
			defaultConfigurationName = Release;
		};
		6E70A49E2A9A2197007799E9 /* Build configuration list for PBXNativeTarget "WhiskyCmd" */ = {
			isa = XCConfigurationList;
			buildConfigurations = (
				6E70A49C2A9A2197007799E9 /* Debug */,
				6E70A49D2A9A2197007799E9 /* Release */,
			);
			defaultConfigurationIsVisible = 0;
			defaultConfigurationName = Release;
		};
		6EFDF6572AAE2DA800EF622F /* Build configuration list for PBXNativeTarget "WhiskyThumbnail" */ = {
			isa = XCConfigurationList;
			buildConfigurations = (
				6EFDF6582AAE2DA800EF622F /* Debug */,
				6EFDF6592AAE2DA800EF622F /* Release */,
			);
			defaultConfigurationIsVisible = 0;
			defaultConfigurationName = Release;
		};
/* End XCConfigurationList section */

/* Begin XCLocalSwiftPackageReference section */
		8C2AEFC62AED79B700CB568F /* XCLocalSwiftPackageReference "WhiskyKit" */ = {
			isa = XCLocalSwiftPackageReference;
			relativePath = WhiskyKit;
		};
/* End XCLocalSwiftPackageReference section */

/* Begin XCRemoteSwiftPackageReference section */
		6E064B1029DD32A200D9A2D2 /* XCRemoteSwiftPackageReference "Sparkle" */ = {
			isa = XCRemoteSwiftPackageReference;
			repositoryURL = "https://github.com/sparkle-project/Sparkle";
			requirement = {
				branch = 2.x;
				kind = branch;
			};
		};
		6E5967682A9A421800D64F70 /* XCRemoteSwiftPackageReference "swift-argument-parser" */ = {
			isa = XCRemoteSwiftPackageReference;
			repositoryURL = "https://github.com/apple/swift-argument-parser.git";
			requirement = {
				kind = upToNextMajorVersion;
				minimumVersion = 1.2.3;
			};
		};
		6E95F66E2AB3F33C00D585D1 /* XCRemoteSwiftPackageReference "SwiftyTextTable" */ = {
			isa = XCRemoteSwiftPackageReference;
			repositoryURL = "https://github.com/scottrhoyt/SwiftyTextTable";
			requirement = {
				kind = upToNextMajorVersion;
				minimumVersion = 0.9.0;
			};
		};
		6E95F6712AB3F67200D585D1 /* XCRemoteSwiftPackageReference "Progress" */ = {
			isa = XCRemoteSwiftPackageReference;
			repositoryURL = "https://github.com/jkandzi/Progress.swift";
			requirement = {
				kind = upToNextMajorVersion;
				minimumVersion = 0.4.0;
			};
		};
		EB58FB532A499896002DC184 /* XCRemoteSwiftPackageReference "SemanticVersion" */ = {
			isa = XCRemoteSwiftPackageReference;
			repositoryURL = "https://github.com/SwiftPackageIndex/SemanticVersion";
			requirement = {
				kind = upToNextMajorVersion;
				minimumVersion = 0.3.6;
			};
		};
/* End XCRemoteSwiftPackageReference section */

/* Begin XCSwiftPackageProductDependency section */
		6E064B1129DD32A200D9A2D2 /* Sparkle */ = {
			isa = XCSwiftPackageProductDependency;
			package = 6E064B1029DD32A200D9A2D2 /* XCRemoteSwiftPackageReference "Sparkle" */;
			productName = Sparkle;
		};
		6E59676A2A9A424900D64F70 /* ArgumentParser */ = {
			isa = XCSwiftPackageProductDependency;
			package = 6E5967682A9A421800D64F70 /* XCRemoteSwiftPackageReference "swift-argument-parser" */;
			productName = ArgumentParser;
		};
		6E5B61B52AC34E6D007B1913 /* SemanticVersion */ = {
			isa = XCSwiftPackageProductDependency;
			package = EB58FB532A499896002DC184 /* XCRemoteSwiftPackageReference "SemanticVersion" */;
			productName = SemanticVersion;
		};
		6E95F66F2AB3F33C00D585D1 /* SwiftyTextTable */ = {
			isa = XCSwiftPackageProductDependency;
			package = 6E95F66E2AB3F33C00D585D1 /* XCRemoteSwiftPackageReference "SwiftyTextTable" */;
			productName = SwiftyTextTable;
		};
		6E95F6722AB3F67200D585D1 /* Progress */ = {
			isa = XCSwiftPackageProductDependency;
			package = 6E95F6712AB3F67200D585D1 /* XCRemoteSwiftPackageReference "Progress" */;
			productName = Progress;
		};
		8C2AEFC72AED79B700CB568F /* WhiskyKit */ = {
			isa = XCSwiftPackageProductDependency;
			productName = WhiskyKit;
		};
		8C2AEFC92AED79CD00CB568F /* WhiskyKit */ = {
			isa = XCSwiftPackageProductDependency;
			package = 8C2AEFC62AED79B700CB568F /* XCLocalSwiftPackageReference "WhiskyKit" */;
			productName = WhiskyKit;
		};
		8CB681E62AED7CD00018D319 /* WhiskyKit */ = {
			isa = XCSwiftPackageProductDependency;
			productName = WhiskyKit;
		};
		EB58FB542A499896002DC184 /* SemanticVersion */ = {
			isa = XCSwiftPackageProductDependency;
			package = EB58FB532A499896002DC184 /* XCRemoteSwiftPackageReference "SemanticVersion" */;
			productName = SemanticVersion;
		};
/* End XCSwiftPackageProductDependency section */
	};
	rootObject = 6E40494A29CCA19C006E3F1B /* Project object */;
}
