// !$*UTF8*$!
{
	archiveVersion = 1;
	classes = {
	};
	objectVersion = 56;
	objects = {

/* Begin PBXBuildFile section */
		6E064B1229DD32A200D9A2D2 /* Sparkle in Frameworks */ = {isa = PBXBuildFile; productRef = 6E064B1129DD32A200D9A2D2 /* Sparkle */; };
		6E064B1429DD331F00D9A2D2 /* SparkleView.swift in Sources */ = {isa = PBXBuildFile; fileRef = 6E064B1329DD331F00D9A2D2 /* SparkleView.swift */; };
		6E26058629D9267B00DDD788 /* ShellLink.swift in Sources */ = {isa = PBXBuildFile; fileRef = 6E26058529D9267B00DDD788 /* ShellLink.swift */; };
		6E26058A29D9282000DDD788 /* DataExtensions.swift in Sources */ = {isa = PBXBuildFile; fileRef = 6E26058929D9282000DDD788 /* DataExtensions.swift */; };
		6E26058C29DB14A500DDD788 /* PortableExecutable.swift in Sources */ = {isa = PBXBuildFile; fileRef = 6E26058B29DB14A500DDD788 /* PortableExecutable.swift */; };
		6E355E4F29D74DE0002D83BE /* Localizable.strings in Resources */ = {isa = PBXBuildFile; fileRef = 6E355E5129D74DE0002D83BE /* Localizable.strings */; };
		6E355E5829D78249002D83BE /* ConfigView.swift in Sources */ = {isa = PBXBuildFile; fileRef = 6E355E5729D78249002D83BE /* ConfigView.swift */; };
		6E355E5A29D782B2002D83BE /* ProgramsView.swift in Sources */ = {isa = PBXBuildFile; fileRef = 6E355E5929D782B2002D83BE /* ProgramsView.swift */; };
		6E355E5C29D7830C002D83BE /* InfoView.swift in Sources */ = {isa = PBXBuildFile; fileRef = 6E355E5B29D7830C002D83BE /* InfoView.swift */; };
		6E355E5E29D7D85D002D83BE /* ProgramView.swift in Sources */ = {isa = PBXBuildFile; fileRef = 6E355E5D29D7D85D002D83BE /* ProgramView.swift */; };
		6E355E6029D7D8BD002D83BE /* Program.swift in Sources */ = {isa = PBXBuildFile; fileRef = 6E355E5F29D7D8BD002D83BE /* Program.swift */; };
		6E40495629CCA19C006E3F1B /* WhiskyApp.swift in Sources */ = {isa = PBXBuildFile; fileRef = 6E40495529CCA19C006E3F1B /* WhiskyApp.swift */; };
		6E40495829CCA19C006E3F1B /* ContentView.swift in Sources */ = {isa = PBXBuildFile; fileRef = 6E40495729CCA19C006E3F1B /* ContentView.swift */; };
		6E40495A29CCA19C006E3F1B /* Assets.xcassets in Resources */ = {isa = PBXBuildFile; fileRef = 6E40495929CCA19C006E3F1B /* Assets.xcassets */; };
		6E40495D29CCA19C006E3F1B /* Preview Assets.xcassets in Resources */ = {isa = PBXBuildFile; fileRef = 6E40495C29CCA19C006E3F1B /* Preview Assets.xcassets */; };
		6E40498129CCA8B0006E3F1B /* BottleView.swift in Sources */ = {isa = PBXBuildFile; fileRef = 6E40498029CCA8B0006E3F1B /* BottleView.swift */; };
		6E40498329CCA91B006E3F1B /* Bottle.swift in Sources */ = {isa = PBXBuildFile; fileRef = 6E40498229CCA91B006E3F1B /* Bottle.swift */; };
		6E50D97E29CD0755008C39F6 /* Libraries in Resources */ = {isa = PBXBuildFile; fileRef = 6E50D97D29CD0755008C39F6 /* Libraries */; };
		6E50D98029CD0850008C39F6 /* Wine.swift in Sources */ = {isa = PBXBuildFile; fileRef = 6E50D97F29CD0850008C39F6 /* Wine.swift */; };
		6E50D98329CD6066008C39F6 /* BottleVM.swift in Sources */ = {isa = PBXBuildFile; fileRef = 6E50D98229CD6066008C39F6 /* BottleVM.swift */; };
		6E50D98529CDF25B008C39F6 /* BottleCreationView.swift in Sources */ = {isa = PBXBuildFile; fileRef = 6E50D98429CDF25B008C39F6 /* BottleCreationView.swift */; };
		6E5197D229D7202100CF655E /* BottleSettings.swift in Sources */ = {isa = PBXBuildFile; fileRef = 6E5197D129D7202100CF655E /* BottleSettings.swift */; };
/* End PBXBuildFile section */

/* Begin PBXFileReference section */
		6E064B1329DD331F00D9A2D2 /* SparkleView.swift */ = {isa = PBXFileReference; lastKnownFileType = sourcecode.swift; path = SparkleView.swift; sourceTree = "<group>"; };
		6E26058529D9267B00DDD788 /* ShellLink.swift */ = {isa = PBXFileReference; lastKnownFileType = sourcecode.swift; path = ShellLink.swift; sourceTree = "<group>"; };
		6E26058929D9282000DDD788 /* DataExtensions.swift */ = {isa = PBXFileReference; lastKnownFileType = sourcecode.swift; path = DataExtensions.swift; sourceTree = "<group>"; };
		6E26058B29DB14A500DDD788 /* PortableExecutable.swift */ = {isa = PBXFileReference; lastKnownFileType = sourcecode.swift; path = PortableExecutable.swift; sourceTree = "<group>"; };
		6E355E5029D74DE0002D83BE /* en */ = {isa = PBXFileReference; lastKnownFileType = text.plist.strings; name = en; path = en.lproj/Localizable.strings; sourceTree = "<group>"; };
		6E355E5529D7642B002D83BE /* fr */ = {isa = PBXFileReference; lastKnownFileType = text.plist.strings; name = fr; path = fr.lproj/Localizable.strings; sourceTree = "<group>"; };
		6E355E5729D78249002D83BE /* ConfigView.swift */ = {isa = PBXFileReference; lastKnownFileType = sourcecode.swift; path = ConfigView.swift; sourceTree = "<group>"; };
		6E355E5929D782B2002D83BE /* ProgramsView.swift */ = {isa = PBXFileReference; lastKnownFileType = sourcecode.swift; path = ProgramsView.swift; sourceTree = "<group>"; };
		6E355E5B29D7830C002D83BE /* InfoView.swift */ = {isa = PBXFileReference; lastKnownFileType = sourcecode.swift; path = InfoView.swift; sourceTree = "<group>"; };
		6E355E5D29D7D85D002D83BE /* ProgramView.swift */ = {isa = PBXFileReference; lastKnownFileType = sourcecode.swift; path = ProgramView.swift; sourceTree = "<group>"; };
		6E355E5F29D7D8BD002D83BE /* Program.swift */ = {isa = PBXFileReference; lastKnownFileType = sourcecode.swift; path = Program.swift; sourceTree = "<group>"; };
		6E40495229CCA19C006E3F1B /* Whisky.app */ = {isa = PBXFileReference; explicitFileType = wrapper.application; includeInIndex = 0; path = Whisky.app; sourceTree = BUILT_PRODUCTS_DIR; };
		6E40495529CCA19C006E3F1B /* WhiskyApp.swift */ = {isa = PBXFileReference; lastKnownFileType = sourcecode.swift; path = WhiskyApp.swift; sourceTree = "<group>"; };
		6E40495729CCA19C006E3F1B /* ContentView.swift */ = {isa = PBXFileReference; lastKnownFileType = sourcecode.swift; path = ContentView.swift; sourceTree = "<group>"; };
		6E40495929CCA19C006E3F1B /* Assets.xcassets */ = {isa = PBXFileReference; lastKnownFileType = folder.assetcatalog; path = Assets.xcassets; sourceTree = "<group>"; };
		6E40495C29CCA19C006E3F1B /* Preview Assets.xcassets */ = {isa = PBXFileReference; lastKnownFileType = folder.assetcatalog; path = "Preview Assets.xcassets"; sourceTree = "<group>"; };
		6E40495E29CCA19C006E3F1B /* Whisky.entitlements */ = {isa = PBXFileReference; lastKnownFileType = text.plist.entitlements; path = Whisky.entitlements; sourceTree = "<group>"; };
		6E40498029CCA8B0006E3F1B /* BottleView.swift */ = {isa = PBXFileReference; lastKnownFileType = sourcecode.swift; path = BottleView.swift; sourceTree = "<group>"; };
		6E40498229CCA91B006E3F1B /* Bottle.swift */ = {isa = PBXFileReference; lastKnownFileType = sourcecode.swift; path = Bottle.swift; sourceTree = "<group>"; };
		6E50D97D29CD0755008C39F6 /* Libraries */ = {isa = PBXFileReference; lastKnownFileType = folder; name = Libraries; path = Whisky/Libraries; sourceTree = "<group>"; };
		6E50D97F29CD0850008C39F6 /* Wine.swift */ = {isa = PBXFileReference; lastKnownFileType = sourcecode.swift; path = Wine.swift; sourceTree = "<group>"; };
		6E50D98229CD6066008C39F6 /* BottleVM.swift */ = {isa = PBXFileReference; lastKnownFileType = sourcecode.swift; path = BottleVM.swift; sourceTree = "<group>"; };
		6E50D98429CDF25B008C39F6 /* BottleCreationView.swift */ = {isa = PBXFileReference; lastKnownFileType = sourcecode.swift; path = BottleCreationView.swift; sourceTree = "<group>"; };
		6E5197D129D7202100CF655E /* BottleSettings.swift */ = {isa = PBXFileReference; lastKnownFileType = sourcecode.swift; path = BottleSettings.swift; sourceTree = "<group>"; };
		6E899D1129CFC41D00A4A083 /* Info.plist */ = {isa = PBXFileReference; lastKnownFileType = text.plist; path = Info.plist; sourceTree = "<group>"; };
/* End PBXFileReference section */

/* Begin PBXFrameworksBuildPhase section */
		6E40494F29CCA19C006E3F1B /* Frameworks */ = {
			isa = PBXFrameworksBuildPhase;
			buildActionMask = 2147483647;
			files = (
				6E064B1229DD32A200D9A2D2 /* Sparkle in Frameworks */,
			);
			runOnlyForDeploymentPostprocessing = 0;
		};
/* End PBXFrameworksBuildPhase section */

/* Begin PBXGroup section */
		6E26058729D927F900DDD788 /* Extensions */ = {
			isa = PBXGroup;
			children = (
				6E26058929D9282000DDD788 /* DataExtensions.swift */,
			);
			path = Extensions;
			sourceTree = "<group>";
		};
		6E355E5629D78202002D83BE /* Bottle Views */ = {
			isa = PBXGroup;
			children = (
				6E40498029CCA8B0006E3F1B /* BottleView.swift */,
				6E355E5729D78249002D83BE /* ConfigView.swift */,
				6E355E5929D782B2002D83BE /* ProgramsView.swift */,
				6E355E5B29D7830C002D83BE /* InfoView.swift */,
			);
			path = "Bottle Views";
			sourceTree = "<group>";
		};
		6E40494929CCA19C006E3F1B = {
			isa = PBXGroup;
			children = (
				6E50D97D29CD0755008C39F6 /* Libraries */,
				6E40495429CCA19C006E3F1B /* Whisky */,
				6E40495329CCA19C006E3F1B /* Products */,
			);
			sourceTree = "<group>";
		};
		6E40495329CCA19C006E3F1B /* Products */ = {
			isa = PBXGroup;
			children = (
				6E40495229CCA19C006E3F1B /* Whisky.app */,
			);
			name = Products;
			sourceTree = "<group>";
		};
		6E40495429CCA19C006E3F1B /* Whisky */ = {
			isa = PBXGroup;
			children = (
				6E26058729D927F900DDD788 /* Extensions */,
				6E5197CF29D71FF900CF655E /* Models */,
				6E5197D029D7200700CF655E /* Utils */,
				6E5197CE29D71FE800CF655E /* View Models */,
				6E5197CD29D71FCD00CF655E /* Views */,
				6E40495929CCA19C006E3F1B /* Assets.xcassets */,
				6E899D1129CFC41D00A4A083 /* Info.plist */,
				6E40495E29CCA19C006E3F1B /* Whisky.entitlements */,
				6E40495B29CCA19C006E3F1B /* Preview Content */,
				6E355E5129D74DE0002D83BE /* Localizable.strings */,
			);
			path = Whisky;
			sourceTree = "<group>";
		};
		6E40495B29CCA19C006E3F1B /* Preview Content */ = {
			isa = PBXGroup;
			children = (
				6E40495C29CCA19C006E3F1B /* Preview Assets.xcassets */,
			);
			path = "Preview Content";
			sourceTree = "<group>";
		};
		6E5197CD29D71FCD00CF655E /* Views */ = {
			isa = PBXGroup;
			children = (
				6E40495529CCA19C006E3F1B /* WhiskyApp.swift */,
				6E40495729CCA19C006E3F1B /* ContentView.swift */,
				6E064B1329DD331F00D9A2D2 /* SparkleView.swift */,
				6E50D98429CDF25B008C39F6 /* BottleCreationView.swift */,
				6E355E5D29D7D85D002D83BE /* ProgramView.swift */,
				6E355E5629D78202002D83BE /* Bottle Views */,
			);
			path = Views;
			sourceTree = "<group>";
		};
		6E5197CE29D71FE800CF655E /* View Models */ = {
			isa = PBXGroup;
			children = (
				6E50D98229CD6066008C39F6 /* BottleVM.swift */,
			);
			path = "View Models";
			sourceTree = "<group>";
		};
		6E5197CF29D71FF900CF655E /* Models */ = {
			isa = PBXGroup;
			children = (
				6E40498229CCA91B006E3F1B /* Bottle.swift */,
				6E355E5F29D7D8BD002D83BE /* Program.swift */,
				6E5197D129D7202100CF655E /* BottleSettings.swift */,
				6E26058529D9267B00DDD788 /* ShellLink.swift */,
				6E26058B29DB14A500DDD788 /* PortableExecutable.swift */,
			);
			path = Models;
			sourceTree = "<group>";
		};
		6E5197D029D7200700CF655E /* Utils */ = {
			isa = PBXGroup;
			children = (
				6E50D97F29CD0850008C39F6 /* Wine.swift */,
			);
			path = Utils;
			sourceTree = "<group>";
		};
/* End PBXGroup section */

/* Begin PBXNativeTarget section */
		6E40495129CCA19C006E3F1B /* Whisky */ = {
			isa = PBXNativeTarget;
			buildConfigurationList = 6E40497729CCA19D006E3F1B /* Build configuration list for PBXNativeTarget "Whisky" */;
			buildPhases = (
				6E40494E29CCA19C006E3F1B /* Sources */,
				6E40494F29CCA19C006E3F1B /* Frameworks */,
				6E40495029CCA19C006E3F1B /* Resources */,
				6E50D98129CD0EAF008C39F6 /* SwiftLint */,
			);
			buildRules = (
			);
			dependencies = (
			);
			name = Whisky;
			packageProductDependencies = (
				6E064B1129DD32A200D9A2D2 /* Sparkle */,
			);
			productName = Whisky;
			productReference = 6E40495229CCA19C006E3F1B /* Whisky.app */;
			productType = "com.apple.product-type.application";
		};
/* End PBXNativeTarget section */

/* Begin PBXProject section */
		6E40494A29CCA19C006E3F1B /* Project object */ = {
			isa = PBXProject;
			attributes = {
				BuildIndependentTargetsInParallel = 1;
				LastSwiftUpdateCheck = 1420;
				LastUpgradeCheck = 1420;
				TargetAttributes = {
					6E40495129CCA19C006E3F1B = {
						CreatedOnToolsVersion = 14.2;
					};
				};
			};
			buildConfigurationList = 6E40494D29CCA19C006E3F1B /* Build configuration list for PBXProject "Whisky" */;
			compatibilityVersion = "Xcode 14.0";
			developmentRegion = en;
			hasScannedForEncodings = 0;
			knownRegions = (
				en,
				Base,
				fr,
			);
			mainGroup = 6E40494929CCA19C006E3F1B;
			packageReferences = (
				6E064B1029DD32A200D9A2D2 /* XCRemoteSwiftPackageReference "Sparkle" */,
			);
			productRefGroup = 6E40495329CCA19C006E3F1B /* Products */;
			projectDirPath = "";
			projectRoot = "";
			targets = (
				6E40495129CCA19C006E3F1B /* Whisky */,
			);
		};
/* End PBXProject section */

/* Begin PBXResourcesBuildPhase section */
		6E40495029CCA19C006E3F1B /* Resources */ = {
			isa = PBXResourcesBuildPhase;
			buildActionMask = 2147483647;
			files = (
				6E50D97E29CD0755008C39F6 /* Libraries in Resources */,
				6E355E4F29D74DE0002D83BE /* Localizable.strings in Resources */,
				6E40495D29CCA19C006E3F1B /* Preview Assets.xcassets in Resources */,
				6E40495A29CCA19C006E3F1B /* Assets.xcassets in Resources */,
			);
			runOnlyForDeploymentPostprocessing = 0;
		};
/* End PBXResourcesBuildPhase section */

/* Begin PBXShellScriptBuildPhase section */
		6E50D98129CD0EAF008C39F6 /* SwiftLint */ = {
			isa = PBXShellScriptBuildPhase;
			alwaysOutOfDate = 1;
			buildActionMask = 2147483647;
			files = (
			);
			inputFileListPaths = (
			);
			inputPaths = (
			);
			name = SwiftLint;
			outputFileListPaths = (
			);
			outputPaths = (
			);
			runOnlyForDeploymentPostprocessing = 0;
			shellPath = /bin/sh;
			shellScript = "if [[ -z \"$FASTLANE\" ]]; then\n    export PATH=\"$PATH:/opt/homebrew/bin\"\n    if which swiftlint > /dev/null; then\n        swiftlint\n    else\n        echo \"error: SwiftLint not installed, download from https://github.com/realm/SwiftLint\"\n        exit -1\n    fi\nfi\n";
		};
/* End PBXShellScriptBuildPhase section */

/* Begin PBXSourcesBuildPhase section */
		6E40494E29CCA19C006E3F1B /* Sources */ = {
			isa = PBXSourcesBuildPhase;
			buildActionMask = 2147483647;
			files = (
				6E40495829CCA19C006E3F1B /* ContentView.swift in Sources */,
				6E355E5C29D7830C002D83BE /* InfoView.swift in Sources */,
				6E50D98029CD0850008C39F6 /* Wine.swift in Sources */,
				6E5197D229D7202100CF655E /* BottleSettings.swift in Sources */,
				6E355E5A29D782B2002D83BE /* ProgramsView.swift in Sources */,
				6E355E5829D78249002D83BE /* ConfigView.swift in Sources */,
				6E50D98529CDF25B008C39F6 /* BottleCreationView.swift in Sources */,
				6E40498329CCA91B006E3F1B /* Bottle.swift in Sources */,
				6E26058A29D9282000DDD788 /* DataExtensions.swift in Sources */,
				6E064B1429DD331F00D9A2D2 /* SparkleView.swift in Sources */,
				6E40495629CCA19C006E3F1B /* WhiskyApp.swift in Sources */,
				6E50D98329CD6066008C39F6 /* BottleVM.swift in Sources */,
				6E355E6029D7D8BD002D83BE /* Program.swift in Sources */,
				6E40498129CCA8B0006E3F1B /* BottleView.swift in Sources */,
				6E26058629D9267B00DDD788 /* ShellLink.swift in Sources */,
				6E26058C29DB14A500DDD788 /* PortableExecutable.swift in Sources */,
				6E355E5E29D7D85D002D83BE /* ProgramView.swift in Sources */,
			);
			runOnlyForDeploymentPostprocessing = 0;
		};
/* End PBXSourcesBuildPhase section */

/* Begin PBXVariantGroup section */
		6E355E5129D74DE0002D83BE /* Localizable.strings */ = {
			isa = PBXVariantGroup;
			children = (
				6E355E5029D74DE0002D83BE /* en */,
				6E355E5529D7642B002D83BE /* fr */,
			);
			name = Localizable.strings;
			sourceTree = "<group>";
		};
/* End PBXVariantGroup section */

/* Begin XCBuildConfiguration section */
		6E40497529CCA19D006E3F1B /* Debug */ = {
			isa = XCBuildConfiguration;
			buildSettings = {
				ALWAYS_SEARCH_USER_PATHS = NO;
				ARCHS = "$(ARCHS_STANDARD)";
				CLANG_ANALYZER_LOCALIZABILITY_NONLOCALIZED = YES;
				CLANG_ANALYZER_NONNULL = YES;
				CLANG_ANALYZER_NUMBER_OBJECT_CONVERSION = YES_AGGRESSIVE;
				CLANG_CXX_LANGUAGE_STANDARD = "gnu++20";
				CLANG_ENABLE_MODULES = YES;
				CLANG_ENABLE_OBJC_ARC = YES;
				CLANG_ENABLE_OBJC_WEAK = YES;
				CLANG_WARN_BLOCK_CAPTURE_AUTORELEASING = YES;
				CLANG_WARN_BOOL_CONVERSION = YES;
				CLANG_WARN_COMMA = YES;
				CLANG_WARN_CONSTANT_CONVERSION = YES;
				CLANG_WARN_DEPRECATED_OBJC_IMPLEMENTATIONS = YES;
				CLANG_WARN_DIRECT_OBJC_ISA_USAGE = YES_ERROR;
				CLANG_WARN_DOCUMENTATION_COMMENTS = YES;
				CLANG_WARN_EMPTY_BODY = YES;
				CLANG_WARN_ENUM_CONVERSION = YES;
				CLANG_WARN_INFINITE_RECURSION = YES;
				CLANG_WARN_INT_CONVERSION = YES;
				CLANG_WARN_NON_LITERAL_NULL_CONVERSION = YES;
				CLANG_WARN_OBJC_IMPLICIT_RETAIN_SELF = YES;
				CLANG_WARN_OBJC_LITERAL_CONVERSION = YES;
				CLANG_WARN_OBJC_ROOT_CLASS = YES_ERROR;
				CLANG_WARN_QUOTED_INCLUDE_IN_FRAMEWORK_HEADER = YES;
				CLANG_WARN_RANGE_LOOP_ANALYSIS = YES;
				CLANG_WARN_STRICT_PROTOTYPES = YES;
				CLANG_WARN_SUSPICIOUS_MOVE = YES;
				CLANG_WARN_UNGUARDED_AVAILABILITY = YES_AGGRESSIVE;
				CLANG_WARN_UNREACHABLE_CODE = YES;
				CLANG_WARN__DUPLICATE_METHOD_MATCH = YES;
				COPY_PHASE_STRIP = NO;
				DEBUG_INFORMATION_FORMAT = dwarf;
				ENABLE_STRICT_OBJC_MSGSEND = YES;
				ENABLE_TESTABILITY = YES;
				GCC_C_LANGUAGE_STANDARD = gnu11;
				GCC_DYNAMIC_NO_PIC = NO;
				GCC_NO_COMMON_BLOCKS = YES;
				GCC_OPTIMIZATION_LEVEL = 0;
				GCC_PREPROCESSOR_DEFINITIONS = (
					"DEBUG=1",
					"$(inherited)",
				);
				GCC_WARN_64_TO_32_BIT_CONVERSION = YES;
				GCC_WARN_ABOUT_RETURN_TYPE = YES_ERROR;
				GCC_WARN_UNDECLARED_SELECTOR = YES;
				GCC_WARN_UNINITIALIZED_AUTOS = YES_AGGRESSIVE;
				GCC_WARN_UNUSED_FUNCTION = YES;
				GCC_WARN_UNUSED_VARIABLE = YES;
				MACOSX_DEPLOYMENT_TARGET = 13.1;
				MTL_ENABLE_DEBUG_INFO = INCLUDE_SOURCE;
				MTL_FAST_MATH = YES;
				ONLY_ACTIVE_ARCH = YES;
				SDKROOT = macosx;
				SWIFT_ACTIVE_COMPILATION_CONDITIONS = DEBUG;
				SWIFT_OPTIMIZATION_LEVEL = "-Onone";
			};
			name = Debug;
		};
		6E40497629CCA19D006E3F1B /* Release */ = {
			isa = XCBuildConfiguration;
			buildSettings = {
				ALWAYS_SEARCH_USER_PATHS = NO;
				ARCHS = "$(ARCHS_STANDARD)";
				CLANG_ANALYZER_LOCALIZABILITY_NONLOCALIZED = YES;
				CLANG_ANALYZER_NONNULL = YES;
				CLANG_ANALYZER_NUMBER_OBJECT_CONVERSION = YES_AGGRESSIVE;
				CLANG_CXX_LANGUAGE_STANDARD = "gnu++20";
				CLANG_ENABLE_MODULES = YES;
				CLANG_ENABLE_OBJC_ARC = YES;
				CLANG_ENABLE_OBJC_WEAK = YES;
				CLANG_WARN_BLOCK_CAPTURE_AUTORELEASING = YES;
				CLANG_WARN_BOOL_CONVERSION = YES;
				CLANG_WARN_COMMA = YES;
				CLANG_WARN_CONSTANT_CONVERSION = YES;
				CLANG_WARN_DEPRECATED_OBJC_IMPLEMENTATIONS = YES;
				CLANG_WARN_DIRECT_OBJC_ISA_USAGE = YES_ERROR;
				CLANG_WARN_DOCUMENTATION_COMMENTS = YES;
				CLANG_WARN_EMPTY_BODY = YES;
				CLANG_WARN_ENUM_CONVERSION = YES;
				CLANG_WARN_INFINITE_RECURSION = YES;
				CLANG_WARN_INT_CONVERSION = YES;
				CLANG_WARN_NON_LITERAL_NULL_CONVERSION = YES;
				CLANG_WARN_OBJC_IMPLICIT_RETAIN_SELF = YES;
				CLANG_WARN_OBJC_LITERAL_CONVERSION = YES;
				CLANG_WARN_OBJC_ROOT_CLASS = YES_ERROR;
				CLANG_WARN_QUOTED_INCLUDE_IN_FRAMEWORK_HEADER = YES;
				CLANG_WARN_RANGE_LOOP_ANALYSIS = YES;
				CLANG_WARN_STRICT_PROTOTYPES = YES;
				CLANG_WARN_SUSPICIOUS_MOVE = YES;
				CLANG_WARN_UNGUARDED_AVAILABILITY = YES_AGGRESSIVE;
				CLANG_WARN_UNREACHABLE_CODE = YES;
				CLANG_WARN__DUPLICATE_METHOD_MATCH = YES;
				COPY_PHASE_STRIP = NO;
				DEBUG_INFORMATION_FORMAT = "dwarf-with-dsym";
				ENABLE_NS_ASSERTIONS = NO;
				ENABLE_STRICT_OBJC_MSGSEND = YES;
				GCC_C_LANGUAGE_STANDARD = gnu11;
				GCC_NO_COMMON_BLOCKS = YES;
				GCC_WARN_64_TO_32_BIT_CONVERSION = YES;
				GCC_WARN_ABOUT_RETURN_TYPE = YES_ERROR;
				GCC_WARN_UNDECLARED_SELECTOR = YES;
				GCC_WARN_UNINITIALIZED_AUTOS = YES_AGGRESSIVE;
				GCC_WARN_UNUSED_FUNCTION = YES;
				GCC_WARN_UNUSED_VARIABLE = YES;
				MACOSX_DEPLOYMENT_TARGET = 13.1;
				MTL_ENABLE_DEBUG_INFO = NO;
				MTL_FAST_MATH = YES;
				SDKROOT = macosx;
				SWIFT_COMPILATION_MODE = wholemodule;
				SWIFT_OPTIMIZATION_LEVEL = "-O";
			};
			name = Release;
		};
		6E40497829CCA19D006E3F1B /* Debug */ = {
			isa = XCBuildConfiguration;
			buildSettings = {
				ARCHS = "$(ARCHS_STANDARD)";
				ASSETCATALOG_COMPILER_APPICON_NAME = AppIcon;
				ASSETCATALOG_COMPILER_GLOBAL_ACCENT_COLOR_NAME = AccentColor;
				CODE_SIGN_ENTITLEMENTS = Whisky/Whisky.entitlements;
				CODE_SIGN_STYLE = Automatic;
				COMBINE_HIDPI_IMAGES = YES;
				CURRENT_PROJECT_VERSION = 1;
				DEVELOPMENT_ASSET_PATHS = "\"Whisky/Preview Content\"";
				DEVELOPMENT_TEAM = 92S3SG4PTH;
				ENABLE_HARDENED_RUNTIME = YES;
				ENABLE_PREVIEWS = YES;
				GENERATE_INFOPLIST_FILE = YES;
				INFOPLIST_FILE = Whisky/Info.plist;
				INFOPLIST_KEY_LSApplicationCategoryType = "public.app-category.utilities";
				INFOPLIST_KEY_NSHumanReadableCopyright = "";
				LD_RUNPATH_SEARCH_PATHS = (
					"$(inherited)",
					"@executable_path/../Frameworks",
				);
				MACOSX_DEPLOYMENT_TARGET = 13.0;
				MARKETING_VERSION = 0.1.0;
				PRODUCT_BUNDLE_IDENTIFIER = com.isaacmarovitz.Whisky;
				PRODUCT_NAME = "$(TARGET_NAME)";
				SWIFT_EMIT_LOC_STRINGS = YES;
				SWIFT_VERSION = 5.0;
			};
			name = Debug;
		};
		6E40497929CCA19D006E3F1B /* Release */ = {
			isa = XCBuildConfiguration;
			buildSettings = {
				ARCHS = "$(ARCHS_STANDARD)";
				ASSETCATALOG_COMPILER_APPICON_NAME = AppIcon;
				ASSETCATALOG_COMPILER_GLOBAL_ACCENT_COLOR_NAME = AccentColor;
				CODE_SIGN_ENTITLEMENTS = Whisky/Whisky.entitlements;
				CODE_SIGN_STYLE = Automatic;
				COMBINE_HIDPI_IMAGES = YES;
				CURRENT_PROJECT_VERSION = 1;
				DEVELOPMENT_ASSET_PATHS = "\"Whisky/Preview Content\"";
				DEVELOPMENT_TEAM = 92S3SG4PTH;
				ENABLE_HARDENED_RUNTIME = YES;
				ENABLE_PREVIEWS = YES;
				GENERATE_INFOPLIST_FILE = YES;
				INFOPLIST_FILE = Whisky/Info.plist;
				INFOPLIST_KEY_LSApplicationCategoryType = "public.app-category.utilities";
				INFOPLIST_KEY_NSHumanReadableCopyright = "";
				LD_RUNPATH_SEARCH_PATHS = (
					"$(inherited)",
					"@executable_path/../Frameworks",
				);
				MACOSX_DEPLOYMENT_TARGET = 13.0;
				MARKETING_VERSION = 0.1.0;
				PRODUCT_BUNDLE_IDENTIFIER = com.isaacmarovitz.Whisky;
				PRODUCT_NAME = "$(TARGET_NAME)";
				SWIFT_EMIT_LOC_STRINGS = YES;
				SWIFT_VERSION = 5.0;
			};
			name = Release;
		};
/* End XCBuildConfiguration section */

/* Begin XCConfigurationList section */
		6E40494D29CCA19C006E3F1B /* Build configuration list for PBXProject "Whisky" */ = {
			isa = XCConfigurationList;
			buildConfigurations = (
				6E40497529CCA19D006E3F1B /* Debug */,
				6E40497629CCA19D006E3F1B /* Release */,
			);
			defaultConfigurationIsVisible = 0;
			defaultConfigurationName = Release;
		};
		6E40497729CCA19D006E3F1B /* Build configuration list for PBXNativeTarget "Whisky" */ = {
			isa = XCConfigurationList;
			buildConfigurations = (
				6E40497829CCA19D006E3F1B /* Debug */,
				6E40497929CCA19D006E3F1B /* Release */,
			);
			defaultConfigurationIsVisible = 0;
			defaultConfigurationName = Release;
		};
/* End XCConfigurationList section */

/* Begin XCRemoteSwiftPackageReference section */
		6E064B1029DD32A200D9A2D2 /* XCRemoteSwiftPackageReference "Sparkle" */ = {
			isa = XCRemoteSwiftPackageReference;
			repositoryURL = "https://github.com/sparkle-project/Sparkle";
			requirement = {
				branch = 2.x;
				kind = branch;
			};
		};
/* End XCRemoteSwiftPackageReference section */

/* Begin XCSwiftPackageProductDependency section */
		6E064B1129DD32A200D9A2D2 /* Sparkle */ = {
			isa = XCSwiftPackageProductDependency;
			package = 6E064B1029DD32A200D9A2D2 /* XCRemoteSwiftPackageReference "Sparkle" */;
			productName = Sparkle;
		};
/* End XCSwiftPackageProductDependency section */
	};
	rootObject = 6E40494A29CCA19C006E3F1B /* Project object */;
}
