{
  "pins" : [
    {
      "identity" : "networkimage",
      "kind" : "remoteSourceControl",
      "location" : "https://github.com/gonzalezreal/NetworkImage",
      "state" : {
        "revision" : "7aff8d1b31148d32c5933d75557d42f6323ee3d1",
        "version" : "6.0.0"
      }
    },
    {
      "identity" : "progress.swift",
      "kind" : "remoteSourceControl",
      "location" : "https://github.com/jkandzi/Progress.swift",
      "state" : {
        "revision" : "fed6598735d7982058690acf8f52a0a5fdaeb3e0",
        "version" : "0.4.0"
      }
    },
    {
      "identity" : "semanticversion",
      "kind" : "remoteSourceControl",
      "location" : "https://github.com/SwiftPackageIndex/SemanticVersion",
      "state" : {
        "revision" : "ea8eea9d89842a29af1b8e6c7677f1c86e72fa42",
        "version" : "0.4.0"
      }
    },
    {
      "identity" : "sparkle",
      "kind" : "remoteSourceControl",
      "location" : "https://github.com/sparkle-project/Sparkle",
      "state" : {
        "branch" : "2.x",
        "revision" : "1a0b023e1c4d37302ae6401b8f9c38af0729e21d"
      }
    },
    {
      "identity" : "swift-argument-parser",
      "kind" : "remoteSourceControl",
      "location" : "https://github.com/apple/swift-argument-parser.git",
      "state" : {
        "revision" : "8f4d2753f0e4778c76d5f05ad16c74f707390531",
        "version" : "1.2.3"
      }
    },
    {
      "identity" : "swift-markdown-ui",
      "kind" : "remoteSourceControl",
      "location" : "https://github.com/gonzalezreal/swift-markdown-ui.git",
      "state" : {
        "revision" : "5df8a4adedd6ae4eb2455ef60ff75183984daeb8",
        "version" : "2.2.0"
      }
    },
    {
      "identity" : "swiftytexttable",
      "kind" : "remoteSourceControl",
      "location" : "https://github.com/scottrhoyt/SwiftyTextTable",
      "state" : {
        "revision" : "c6df6cf533d120716bff38f8ff9885e1ce2a4ac3",
        "version" : "0.9.0"
      }
    }
  ],
  "version" : 2
}
